
Microsoft Visual Studio Solution File, Format Version 12.00
# Visual Studio 14
VisualStudioVersion = 14.0.25420.1
MinimumVisualStudioVersion = 10.0.40219.1
Project("{FAE04EC0-301F-11D3-BF4B-00C04F79EFBC}") = "MediaFarmer", "Music Farm v2\MediaFarmer.csproj", "{A4FE02BB-ECF2-4625-AC22-974B20740AA1}"
EndProject
Project("{FAE04EC0-301F-11D3-BF4B-00C04F79EFBC}") = "MediaFarmer.Tests", "Music Farm v2.Tests\MediaFarmer.Tests.csproj", "{EB50DC56-D446-4351-ADA2-B389A6962E1F}"
EndProject
Project("{FAE04EC0-301F-11D3-BF4B-00C04F79EFBC}") = "UnitOfWork", "UnitOfWork\UnitOfWork.csproj", "{D5E3F1B9-033F-44EA-BE16-D33C18A2B469}"
EndProject
Project("{FAE04EC0-301F-11D3-BF4B-00C04F79EFBC}") = "MediaFarmer.Data", "MusicFarmer.Data\MediaFarmer.Data.csproj", "{8C0CFAD9-53A5-434D-854F-F550F9899699}"
EndProject
Project("{FAE04EC0-301F-11D3-BF4B-00C04F79EFBC}") = "MediaFarmer.Player", "Music Farm v2.Player\MediaFarmer.Player.csproj", "{FC747881-16B1-4A4C-8D0E-14F816E9F4CD}"
EndProject
Project("{FAE04EC0-301F-11D3-BF4B-00C04F79EFBC}") = "MediaFarmer.PlayerService", "MediaFarmer.PlayerService\MediaFarmer.PlayerService.csproj", "{44B7D6CD-60A8-4FC5-A0B8-D145DC80F741}"
EndProject
Project("{FAE04EC0-301F-11D3-BF4B-00C04F79EFBC}") = "MediaFarmer.API", "MediaFarmer.API\MediaFarmer.API.csproj", "{2726E597-5712-4CC5-8EAA-979E23D9BE11}"
EndProject
Project("{2150E333-8FDC-42A3-9474-1A3956D46DE8}") = "MediaFarmer.Mobile", "MediaFarmer.Mobile", "{92731B89-857B-4670-BF1C-BDD36648C286}"
EndProject
Project("{FAE04EC0-301F-11D3-BF4B-00C04F79EFBC}") = "MediaFarmer.MobileDevice", "MediaFarmer.MobileDevice\MediaFarmer.MobileDevice\MediaFarmer.MobileDevice.csproj", "{5B673FCB-DFBF-4675-8BDA-E2CA7286B553}"
EndProject
Project("{FAE04EC0-301F-11D3-BF4B-00C04F79EFBC}") = "MediaFarmer.MobileDevice.Droid", "MediaFarmer.MobileDevice\MediaFarmer.MobileDevice.Droid\MediaFarmer.MobileDevice.Droid.csproj", "{5EF5C8D4-8A54-405B-9CF2-450969372DA0}"
EndProject
Project("{FAE04EC0-301F-11D3-BF4B-00C04F79EFBC}") = "MediaFarmer.MobileDevice.iOS", "MediaFarmer.MobileDevice\MediaFarmer.MobileDevice.iOS\MediaFarmer.MobileDevice.iOS.csproj", "{7A4EF547-EA0F-479C-A6BB-293423544A4C}"
EndProject
Project("{FAE04EC0-301F-11D3-BF4B-00C04F79EFBC}") = "MediaFarmer.MobileDevice.WinPhone", "MediaFarmer.MobileDevice\MediaFarmer.MobileDevice.WinPhone\MediaFarmer.MobileDevice.WinPhone.csproj", "{35DB11D8-1406-4E85-9834-721DFF55484E}"
EndProject
Project("{FAE04EC0-301F-11D3-BF4B-00C04F79EFBC}") = "MediaFarmer.MobileDevice.Windows", "MediaFarmer.MobileDevice\MediaFarmer.MobileDevice.Windows\MediaFarmer.MobileDevice.Windows.csproj", "{8A1BF9E0-B93E-4AAE-96DE-AEC4AED5C4F3}"
EndProject
Project("{FAE04EC0-301F-11D3-BF4B-00C04F79EFBC}") = "PortableRest", "..\Users\Aspire\Documents\Visual Studio 2015\Repos\MusicFarmer\MediaFarmer.MobileDevice\PortableRest\PortableRest.csproj", "{A3546D1A-CE87-49BB-800A-98018C1FCA00}"
EndProject
Global
	GlobalSection(SolutionConfigurationPlatforms) = preSolution
		Ad-Hoc|Any CPU = Ad-Hoc|Any CPU
		Ad-Hoc|ARM = Ad-Hoc|ARM
		Ad-Hoc|iPhone = Ad-Hoc|iPhone
		Ad-Hoc|iPhoneSimulator = Ad-Hoc|iPhoneSimulator
		Ad-Hoc|x64 = Ad-Hoc|x64
		Ad-Hoc|x86 = Ad-Hoc|x86
		AppStore|Any CPU = AppStore|Any CPU
		AppStore|ARM = AppStore|ARM
		AppStore|iPhone = AppStore|iPhone
		AppStore|iPhoneSimulator = AppStore|iPhoneSimulator
		AppStore|x64 = AppStore|x64
		AppStore|x86 = AppStore|x86
		Debug|Any CPU = Debug|Any CPU
		Debug|ARM = Debug|ARM
		Debug|iPhone = Debug|iPhone
		Debug|iPhoneSimulator = Debug|iPhoneSimulator
		Debug|x64 = Debug|x64
		Debug|x86 = Debug|x86
		Release|Any CPU = Release|Any CPU
		Release|ARM = Release|ARM
		Release|iPhone = Release|iPhone
		Release|iPhoneSimulator = Release|iPhoneSimulator
		Release|x64 = Release|x64
		Release|x86 = Release|x86
		Release-Signed|Any CPU = Release-Signed|Any CPU
		Release-Signed|ARM = Release-Signed|ARM
		Release-Signed|iPhone = Release-Signed|iPhone
		Release-Signed|iPhoneSimulator = Release-Signed|iPhoneSimulator
		Release-Signed|x64 = Release-Signed|x64
		Release-Signed|x86 = Release-Signed|x86
	EndGlobalSection
	GlobalSection(ProjectConfigurationPlatforms) = postSolution
		{A4FE02BB-ECF2-4625-AC22-974B20740AA1}.Ad-Hoc|Any CPU.ActiveCfg = Release|Any CPU
		{A4FE02BB-ECF2-4625-AC22-974B20740AA1}.Ad-Hoc|Any CPU.Build.0 = Release|Any CPU
		{A4FE02BB-ECF2-4625-AC22-974B20740AA1}.Ad-Hoc|ARM.ActiveCfg = Release|Any CPU
		{A4FE02BB-ECF2-4625-AC22-974B20740AA1}.Ad-Hoc|ARM.Build.0 = Release|Any CPU
		{A4FE02BB-ECF2-4625-AC22-974B20740AA1}.Ad-Hoc|iPhone.ActiveCfg = Release|Any CPU
		{A4FE02BB-ECF2-4625-AC22-974B20740AA1}.Ad-Hoc|iPhone.Build.0 = Release|Any CPU
		{A4FE02BB-ECF2-4625-AC22-974B20740AA1}.Ad-Hoc|iPhoneSimulator.ActiveCfg = Release|Any CPU
		{A4FE02BB-ECF2-4625-AC22-974B20740AA1}.Ad-Hoc|iPhoneSimulator.Build.0 = Release|Any CPU
		{A4FE02BB-ECF2-4625-AC22-974B20740AA1}.Ad-Hoc|x64.ActiveCfg = Release|Any CPU
		{A4FE02BB-ECF2-4625-AC22-974B20740AA1}.Ad-Hoc|x64.Build.0 = Release|Any CPU
		{A4FE02BB-ECF2-4625-AC22-974B20740AA1}.Ad-Hoc|x86.ActiveCfg = Release|Any CPU
		{A4FE02BB-ECF2-4625-AC22-974B20740AA1}.Ad-Hoc|x86.Build.0 = Release|Any CPU
		{A4FE02BB-ECF2-4625-AC22-974B20740AA1}.AppStore|Any CPU.ActiveCfg = Release|Any CPU
		{A4FE02BB-ECF2-4625-AC22-974B20740AA1}.AppStore|Any CPU.Build.0 = Release|Any CPU
		{A4FE02BB-ECF2-4625-AC22-974B20740AA1}.AppStore|ARM.ActiveCfg = Release|Any CPU
		{A4FE02BB-ECF2-4625-AC22-974B20740AA1}.AppStore|ARM.Build.0 = Release|Any CPU
		{A4FE02BB-ECF2-4625-AC22-974B20740AA1}.AppStore|iPhone.ActiveCfg = Release|Any CPU
		{A4FE02BB-ECF2-4625-AC22-974B20740AA1}.AppStore|iPhone.Build.0 = Release|Any CPU
		{A4FE02BB-ECF2-4625-AC22-974B20740AA1}.AppStore|iPhoneSimulator.ActiveCfg = Release|Any CPU
		{A4FE02BB-ECF2-4625-AC22-974B20740AA1}.AppStore|iPhoneSimulator.Build.0 = Release|Any CPU
		{A4FE02BB-ECF2-4625-AC22-974B20740AA1}.AppStore|x64.ActiveCfg = Release|Any CPU
		{A4FE02BB-ECF2-4625-AC22-974B20740AA1}.AppStore|x64.Build.0 = Release|Any CPU
		{A4FE02BB-ECF2-4625-AC22-974B20740AA1}.AppStore|x86.ActiveCfg = Release|Any CPU
		{A4FE02BB-ECF2-4625-AC22-974B20740AA1}.AppStore|x86.Build.0 = Release|Any CPU
		{A4FE02BB-ECF2-4625-AC22-974B20740AA1}.Debug|Any CPU.ActiveCfg = Debug|Any CPU
		{A4FE02BB-ECF2-4625-AC22-974B20740AA1}.Debug|Any CPU.Build.0 = Debug|Any CPU
		{A4FE02BB-ECF2-4625-AC22-974B20740AA1}.Debug|ARM.ActiveCfg = Debug|Any CPU
		{A4FE02BB-ECF2-4625-AC22-974B20740AA1}.Debug|ARM.Build.0 = Debug|Any CPU
		{A4FE02BB-ECF2-4625-AC22-974B20740AA1}.Debug|iPhone.ActiveCfg = Debug|Any CPU
		{A4FE02BB-ECF2-4625-AC22-974B20740AA1}.Debug|iPhone.Build.0 = Debug|Any CPU
		{A4FE02BB-ECF2-4625-AC22-974B20740AA1}.Debug|iPhoneSimulator.ActiveCfg = Debug|Any CPU
		{A4FE02BB-ECF2-4625-AC22-974B20740AA1}.Debug|iPhoneSimulator.Build.0 = Debug|Any CPU
		{A4FE02BB-ECF2-4625-AC22-974B20740AA1}.Debug|x64.ActiveCfg = Debug|Any CPU
		{A4FE02BB-ECF2-4625-AC22-974B20740AA1}.Debug|x64.Build.0 = Debug|Any CPU
		{A4FE02BB-ECF2-4625-AC22-974B20740AA1}.Debug|x86.ActiveCfg = Debug|Any CPU
		{A4FE02BB-ECF2-4625-AC22-974B20740AA1}.Debug|x86.Build.0 = Debug|Any CPU
		{A4FE02BB-ECF2-4625-AC22-974B20740AA1}.Release|Any CPU.ActiveCfg = Release|Any CPU
		{A4FE02BB-ECF2-4625-AC22-974B20740AA1}.Release|Any CPU.Build.0 = Release|Any CPU
		{A4FE02BB-ECF2-4625-AC22-974B20740AA1}.Release|ARM.ActiveCfg = Release|Any CPU
		{A4FE02BB-ECF2-4625-AC22-974B20740AA1}.Release|ARM.Build.0 = Release|Any CPU
		{A4FE02BB-ECF2-4625-AC22-974B20740AA1}.Release|iPhone.ActiveCfg = Release|Any CPU
		{A4FE02BB-ECF2-4625-AC22-974B20740AA1}.Release|iPhone.Build.0 = Release|Any CPU
		{A4FE02BB-ECF2-4625-AC22-974B20740AA1}.Release|iPhoneSimulator.ActiveCfg = Release|Any CPU
		{A4FE02BB-ECF2-4625-AC22-974B20740AA1}.Release|iPhoneSimulator.Build.0 = Release|Any CPU
		{A4FE02BB-ECF2-4625-AC22-974B20740AA1}.Release|x64.ActiveCfg = Release|Any CPU
		{A4FE02BB-ECF2-4625-AC22-974B20740AA1}.Release|x64.Build.0 = Release|Any CPU
		{A4FE02BB-ECF2-4625-AC22-974B20740AA1}.Release|x86.ActiveCfg = Release|Any CPU
		{A4FE02BB-ECF2-4625-AC22-974B20740AA1}.Release|x86.Build.0 = Release|Any CPU
		{A4FE02BB-ECF2-4625-AC22-974B20740AA1}.Release-Signed|Any CPU.ActiveCfg = Release|Any CPU
		{A4FE02BB-ECF2-4625-AC22-974B20740AA1}.Release-Signed|Any CPU.Build.0 = Release|Any CPU
		{A4FE02BB-ECF2-4625-AC22-974B20740AA1}.Release-Signed|ARM.ActiveCfg = Release|Any CPU
		{A4FE02BB-ECF2-4625-AC22-974B20740AA1}.Release-Signed|ARM.Build.0 = Release|Any CPU
		{A4FE02BB-ECF2-4625-AC22-974B20740AA1}.Release-Signed|iPhone.ActiveCfg = Release|Any CPU
		{A4FE02BB-ECF2-4625-AC22-974B20740AA1}.Release-Signed|iPhone.Build.0 = Release|Any CPU
		{A4FE02BB-ECF2-4625-AC22-974B20740AA1}.Release-Signed|iPhoneSimulator.ActiveCfg = Release|Any CPU
		{A4FE02BB-ECF2-4625-AC22-974B20740AA1}.Release-Signed|iPhoneSimulator.Build.0 = Release|Any CPU
		{A4FE02BB-ECF2-4625-AC22-974B20740AA1}.Release-Signed|x64.ActiveCfg = Release|Any CPU
		{A4FE02BB-ECF2-4625-AC22-974B20740AA1}.Release-Signed|x64.Build.0 = Release|Any CPU
		{A4FE02BB-ECF2-4625-AC22-974B20740AA1}.Release-Signed|x86.ActiveCfg = Release|Any CPU
		{A4FE02BB-ECF2-4625-AC22-974B20740AA1}.Release-Signed|x86.Build.0 = Release|Any CPU
		{EB50DC56-D446-4351-ADA2-B389A6962E1F}.Ad-Hoc|Any CPU.ActiveCfg = Release|Any CPU
		{EB50DC56-D446-4351-ADA2-B389A6962E1F}.Ad-Hoc|Any CPU.Build.0 = Release|Any CPU
		{EB50DC56-D446-4351-ADA2-B389A6962E1F}.Ad-Hoc|ARM.ActiveCfg = Release|Any CPU
		{EB50DC56-D446-4351-ADA2-B389A6962E1F}.Ad-Hoc|ARM.Build.0 = Release|Any CPU
		{EB50DC56-D446-4351-ADA2-B389A6962E1F}.Ad-Hoc|iPhone.ActiveCfg = Release|Any CPU
		{EB50DC56-D446-4351-ADA2-B389A6962E1F}.Ad-Hoc|iPhone.Build.0 = Release|Any CPU
		{EB50DC56-D446-4351-ADA2-B389A6962E1F}.Ad-Hoc|iPhoneSimulator.ActiveCfg = Release|Any CPU
		{EB50DC56-D446-4351-ADA2-B389A6962E1F}.Ad-Hoc|iPhoneSimulator.Build.0 = Release|Any CPU
		{EB50DC56-D446-4351-ADA2-B389A6962E1F}.Ad-Hoc|x64.ActiveCfg = Release|Any CPU
		{EB50DC56-D446-4351-ADA2-B389A6962E1F}.Ad-Hoc|x64.Build.0 = Release|Any CPU
		{EB50DC56-D446-4351-ADA2-B389A6962E1F}.Ad-Hoc|x86.ActiveCfg = Release|Any CPU
		{EB50DC56-D446-4351-ADA2-B389A6962E1F}.Ad-Hoc|x86.Build.0 = Release|Any CPU
		{EB50DC56-D446-4351-ADA2-B389A6962E1F}.AppStore|Any CPU.ActiveCfg = Release|Any CPU
		{EB50DC56-D446-4351-ADA2-B389A6962E1F}.AppStore|Any CPU.Build.0 = Release|Any CPU
		{EB50DC56-D446-4351-ADA2-B389A6962E1F}.AppStore|ARM.ActiveCfg = Release|Any CPU
		{EB50DC56-D446-4351-ADA2-B389A6962E1F}.AppStore|ARM.Build.0 = Release|Any CPU
		{EB50DC56-D446-4351-ADA2-B389A6962E1F}.AppStore|iPhone.ActiveCfg = Release|Any CPU
		{EB50DC56-D446-4351-ADA2-B389A6962E1F}.AppStore|iPhone.Build.0 = Release|Any CPU
		{EB50DC56-D446-4351-ADA2-B389A6962E1F}.AppStore|iPhoneSimulator.ActiveCfg = Release|Any CPU
		{EB50DC56-D446-4351-ADA2-B389A6962E1F}.AppStore|iPhoneSimulator.Build.0 = Release|Any CPU
		{EB50DC56-D446-4351-ADA2-B389A6962E1F}.AppStore|x64.ActiveCfg = Release|Any CPU
		{EB50DC56-D446-4351-ADA2-B389A6962E1F}.AppStore|x64.Build.0 = Release|Any CPU
		{EB50DC56-D446-4351-ADA2-B389A6962E1F}.AppStore|x86.ActiveCfg = Release|Any CPU
		{EB50DC56-D446-4351-ADA2-B389A6962E1F}.AppStore|x86.Build.0 = Release|Any CPU
		{EB50DC56-D446-4351-ADA2-B389A6962E1F}.Debug|Any CPU.ActiveCfg = Debug|Any CPU
		{EB50DC56-D446-4351-ADA2-B389A6962E1F}.Debug|Any CPU.Build.0 = Debug|Any CPU
		{EB50DC56-D446-4351-ADA2-B389A6962E1F}.Debug|ARM.ActiveCfg = Debug|Any CPU
		{EB50DC56-D446-4351-ADA2-B389A6962E1F}.Debug|ARM.Build.0 = Debug|Any CPU
		{EB50DC56-D446-4351-ADA2-B389A6962E1F}.Debug|iPhone.ActiveCfg = Debug|Any CPU
		{EB50DC56-D446-4351-ADA2-B389A6962E1F}.Debug|iPhone.Build.0 = Debug|Any CPU
		{EB50DC56-D446-4351-ADA2-B389A6962E1F}.Debug|iPhoneSimulator.ActiveCfg = Debug|Any CPU
		{EB50DC56-D446-4351-ADA2-B389A6962E1F}.Debug|iPhoneSimulator.Build.0 = Debug|Any CPU
		{EB50DC56-D446-4351-ADA2-B389A6962E1F}.Debug|x64.ActiveCfg = Debug|Any CPU
		{EB50DC56-D446-4351-ADA2-B389A6962E1F}.Debug|x64.Build.0 = Debug|Any CPU
		{EB50DC56-D446-4351-ADA2-B389A6962E1F}.Debug|x86.ActiveCfg = Debug|Any CPU
		{EB50DC56-D446-4351-ADA2-B389A6962E1F}.Debug|x86.Build.0 = Debug|Any CPU
		{EB50DC56-D446-4351-ADA2-B389A6962E1F}.Release|Any CPU.ActiveCfg = Release|Any CPU
		{EB50DC56-D446-4351-ADA2-B389A6962E1F}.Release|Any CPU.Build.0 = Release|Any CPU
		{EB50DC56-D446-4351-ADA2-B389A6962E1F}.Release|ARM.ActiveCfg = Release|Any CPU
		{EB50DC56-D446-4351-ADA2-B389A6962E1F}.Release|ARM.Build.0 = Release|Any CPU
		{EB50DC56-D446-4351-ADA2-B389A6962E1F}.Release|iPhone.ActiveCfg = Release|Any CPU
		{EB50DC56-D446-4351-ADA2-B389A6962E1F}.Release|iPhone.Build.0 = Release|Any CPU
		{EB50DC56-D446-4351-ADA2-B389A6962E1F}.Release|iPhoneSimulator.ActiveCfg = Release|Any CPU
		{EB50DC56-D446-4351-ADA2-B389A6962E1F}.Release|iPhoneSimulator.Build.0 = Release|Any CPU
		{EB50DC56-D446-4351-ADA2-B389A6962E1F}.Release|x64.ActiveCfg = Release|Any CPU
		{EB50DC56-D446-4351-ADA2-B389A6962E1F}.Release|x64.Build.0 = Release|Any CPU
		{EB50DC56-D446-4351-ADA2-B389A6962E1F}.Release|x86.ActiveCfg = Release|Any CPU
		{EB50DC56-D446-4351-ADA2-B389A6962E1F}.Release|x86.Build.0 = Release|Any CPU
		{EB50DC56-D446-4351-ADA2-B389A6962E1F}.Release-Signed|Any CPU.ActiveCfg = Release|Any CPU
		{EB50DC56-D446-4351-ADA2-B389A6962E1F}.Release-Signed|Any CPU.Build.0 = Release|Any CPU
		{EB50DC56-D446-4351-ADA2-B389A6962E1F}.Release-Signed|ARM.ActiveCfg = Release|Any CPU
		{EB50DC56-D446-4351-ADA2-B389A6962E1F}.Release-Signed|ARM.Build.0 = Release|Any CPU
		{EB50DC56-D446-4351-ADA2-B389A6962E1F}.Release-Signed|iPhone.ActiveCfg = Release|Any CPU
		{EB50DC56-D446-4351-ADA2-B389A6962E1F}.Release-Signed|iPhone.Build.0 = Release|Any CPU
		{EB50DC56-D446-4351-ADA2-B389A6962E1F}.Release-Signed|iPhoneSimulator.ActiveCfg = Release|Any CPU
		{EB50DC56-D446-4351-ADA2-B389A6962E1F}.Release-Signed|iPhoneSimulator.Build.0 = Release|Any CPU
		{EB50DC56-D446-4351-ADA2-B389A6962E1F}.Release-Signed|x64.ActiveCfg = Release|Any CPU
		{EB50DC56-D446-4351-ADA2-B389A6962E1F}.Release-Signed|x64.Build.0 = Release|Any CPU
		{EB50DC56-D446-4351-ADA2-B389A6962E1F}.Release-Signed|x86.ActiveCfg = Release|Any CPU
		{EB50DC56-D446-4351-ADA2-B389A6962E1F}.Release-Signed|x86.Build.0 = Release|Any CPU
		{D5E3F1B9-033F-44EA-BE16-D33C18A2B469}.Ad-Hoc|Any CPU.ActiveCfg = Release|Any CPU
		{D5E3F1B9-033F-44EA-BE16-D33C18A2B469}.Ad-Hoc|Any CPU.Build.0 = Release|Any CPU
		{D5E3F1B9-033F-44EA-BE16-D33C18A2B469}.Ad-Hoc|ARM.ActiveCfg = Release|Any CPU
		{D5E3F1B9-033F-44EA-BE16-D33C18A2B469}.Ad-Hoc|ARM.Build.0 = Release|Any CPU
		{D5E3F1B9-033F-44EA-BE16-D33C18A2B469}.Ad-Hoc|iPhone.ActiveCfg = Release|Any CPU
		{D5E3F1B9-033F-44EA-BE16-D33C18A2B469}.Ad-Hoc|iPhone.Build.0 = Release|Any CPU
		{D5E3F1B9-033F-44EA-BE16-D33C18A2B469}.Ad-Hoc|iPhoneSimulator.ActiveCfg = Release|Any CPU
		{D5E3F1B9-033F-44EA-BE16-D33C18A2B469}.Ad-Hoc|iPhoneSimulator.Build.0 = Release|Any CPU
		{D5E3F1B9-033F-44EA-BE16-D33C18A2B469}.Ad-Hoc|x64.ActiveCfg = Release|Any CPU
		{D5E3F1B9-033F-44EA-BE16-D33C18A2B469}.Ad-Hoc|x64.Build.0 = Release|Any CPU
		{D5E3F1B9-033F-44EA-BE16-D33C18A2B469}.Ad-Hoc|x86.ActiveCfg = Release|Any CPU
		{D5E3F1B9-033F-44EA-BE16-D33C18A2B469}.Ad-Hoc|x86.Build.0 = Release|Any CPU
		{D5E3F1B9-033F-44EA-BE16-D33C18A2B469}.AppStore|Any CPU.ActiveCfg = Release|Any CPU
		{D5E3F1B9-033F-44EA-BE16-D33C18A2B469}.AppStore|Any CPU.Build.0 = Release|Any CPU
		{D5E3F1B9-033F-44EA-BE16-D33C18A2B469}.AppStore|ARM.ActiveCfg = Release|Any CPU
		{D5E3F1B9-033F-44EA-BE16-D33C18A2B469}.AppStore|ARM.Build.0 = Release|Any CPU
		{D5E3F1B9-033F-44EA-BE16-D33C18A2B469}.AppStore|iPhone.ActiveCfg = Release|Any CPU
		{D5E3F1B9-033F-44EA-BE16-D33C18A2B469}.AppStore|iPhone.Build.0 = Release|Any CPU
		{D5E3F1B9-033F-44EA-BE16-D33C18A2B469}.AppStore|iPhoneSimulator.ActiveCfg = Release|Any CPU
		{D5E3F1B9-033F-44EA-BE16-D33C18A2B469}.AppStore|iPhoneSimulator.Build.0 = Release|Any CPU
		{D5E3F1B9-033F-44EA-BE16-D33C18A2B469}.AppStore|x64.ActiveCfg = Release|Any CPU
		{D5E3F1B9-033F-44EA-BE16-D33C18A2B469}.AppStore|x64.Build.0 = Release|Any CPU
		{D5E3F1B9-033F-44EA-BE16-D33C18A2B469}.AppStore|x86.ActiveCfg = Release|Any CPU
		{D5E3F1B9-033F-44EA-BE16-D33C18A2B469}.AppStore|x86.Build.0 = Release|Any CPU
		{D5E3F1B9-033F-44EA-BE16-D33C18A2B469}.Debug|Any CPU.ActiveCfg = Debug|Any CPU
		{D5E3F1B9-033F-44EA-BE16-D33C18A2B469}.Debug|Any CPU.Build.0 = Debug|Any CPU
		{D5E3F1B9-033F-44EA-BE16-D33C18A2B469}.Debug|ARM.ActiveCfg = Debug|Any CPU
		{D5E3F1B9-033F-44EA-BE16-D33C18A2B469}.Debug|ARM.Build.0 = Debug|Any CPU
		{D5E3F1B9-033F-44EA-BE16-D33C18A2B469}.Debug|iPhone.ActiveCfg = Debug|Any CPU
		{D5E3F1B9-033F-44EA-BE16-D33C18A2B469}.Debug|iPhone.Build.0 = Debug|Any CPU
		{D5E3F1B9-033F-44EA-BE16-D33C18A2B469}.Debug|iPhoneSimulator.ActiveCfg = Debug|Any CPU
		{D5E3F1B9-033F-44EA-BE16-D33C18A2B469}.Debug|iPhoneSimulator.Build.0 = Debug|Any CPU
		{D5E3F1B9-033F-44EA-BE16-D33C18A2B469}.Debug|x64.ActiveCfg = Debug|Any CPU
		{D5E3F1B9-033F-44EA-BE16-D33C18A2B469}.Debug|x64.Build.0 = Debug|Any CPU
		{D5E3F1B9-033F-44EA-BE16-D33C18A2B469}.Debug|x86.ActiveCfg = Debug|Any CPU
		{D5E3F1B9-033F-44EA-BE16-D33C18A2B469}.Debug|x86.Build.0 = Debug|Any CPU
		{D5E3F1B9-033F-44EA-BE16-D33C18A2B469}.Release|Any CPU.ActiveCfg = Release|Any CPU
		{D5E3F1B9-033F-44EA-BE16-D33C18A2B469}.Release|Any CPU.Build.0 = Release|Any CPU
		{D5E3F1B9-033F-44EA-BE16-D33C18A2B469}.Release|ARM.ActiveCfg = Release|Any CPU
		{D5E3F1B9-033F-44EA-BE16-D33C18A2B469}.Release|ARM.Build.0 = Release|Any CPU
		{D5E3F1B9-033F-44EA-BE16-D33C18A2B469}.Release|iPhone.ActiveCfg = Release|Any CPU
		{D5E3F1B9-033F-44EA-BE16-D33C18A2B469}.Release|iPhone.Build.0 = Release|Any CPU
		{D5E3F1B9-033F-44EA-BE16-D33C18A2B469}.Release|iPhoneSimulator.ActiveCfg = Release|Any CPU
		{D5E3F1B9-033F-44EA-BE16-D33C18A2B469}.Release|iPhoneSimulator.Build.0 = Release|Any CPU
		{D5E3F1B9-033F-44EA-BE16-D33C18A2B469}.Release|x64.ActiveCfg = Release|Any CPU
		{D5E3F1B9-033F-44EA-BE16-D33C18A2B469}.Release|x64.Build.0 = Release|Any CPU
		{D5E3F1B9-033F-44EA-BE16-D33C18A2B469}.Release|x86.ActiveCfg = Release|Any CPU
		{D5E3F1B9-033F-44EA-BE16-D33C18A2B469}.Release|x86.Build.0 = Release|Any CPU
		{D5E3F1B9-033F-44EA-BE16-D33C18A2B469}.Release-Signed|Any CPU.ActiveCfg = Release|Any CPU
		{D5E3F1B9-033F-44EA-BE16-D33C18A2B469}.Release-Signed|Any CPU.Build.0 = Release|Any CPU
		{D5E3F1B9-033F-44EA-BE16-D33C18A2B469}.Release-Signed|ARM.ActiveCfg = Release|Any CPU
		{D5E3F1B9-033F-44EA-BE16-D33C18A2B469}.Release-Signed|ARM.Build.0 = Release|Any CPU
		{D5E3F1B9-033F-44EA-BE16-D33C18A2B469}.Release-Signed|iPhone.ActiveCfg = Release|Any CPU
		{D5E3F1B9-033F-44EA-BE16-D33C18A2B469}.Release-Signed|iPhone.Build.0 = Release|Any CPU
		{D5E3F1B9-033F-44EA-BE16-D33C18A2B469}.Release-Signed|iPhoneSimulator.ActiveCfg = Release|Any CPU
		{D5E3F1B9-033F-44EA-BE16-D33C18A2B469}.Release-Signed|iPhoneSimulator.Build.0 = Release|Any CPU
		{D5E3F1B9-033F-44EA-BE16-D33C18A2B469}.Release-Signed|x64.ActiveCfg = Release|Any CPU
		{D5E3F1B9-033F-44EA-BE16-D33C18A2B469}.Release-Signed|x64.Build.0 = Release|Any CPU
		{D5E3F1B9-033F-44EA-BE16-D33C18A2B469}.Release-Signed|x86.ActiveCfg = Release|Any CPU
		{D5E3F1B9-033F-44EA-BE16-D33C18A2B469}.Release-Signed|x86.Build.0 = Release|Any CPU
		{8C0CFAD9-53A5-434D-854F-F550F9899699}.Ad-Hoc|Any CPU.ActiveCfg = Release|Any CPU
		{8C0CFAD9-53A5-434D-854F-F550F9899699}.Ad-Hoc|Any CPU.Build.0 = Release|Any CPU
		{8C0CFAD9-53A5-434D-854F-F550F9899699}.Ad-Hoc|ARM.ActiveCfg = Release|Any CPU
		{8C0CFAD9-53A5-434D-854F-F550F9899699}.Ad-Hoc|ARM.Build.0 = Release|Any CPU
		{8C0CFAD9-53A5-434D-854F-F550F9899699}.Ad-Hoc|iPhone.ActiveCfg = Release|Any CPU
		{8C0CFAD9-53A5-434D-854F-F550F9899699}.Ad-Hoc|iPhone.Build.0 = Release|Any CPU
		{8C0CFAD9-53A5-434D-854F-F550F9899699}.Ad-Hoc|iPhoneSimulator.ActiveCfg = Release|Any CPU
		{8C0CFAD9-53A5-434D-854F-F550F9899699}.Ad-Hoc|iPhoneSimulator.Build.0 = Release|Any CPU
		{8C0CFAD9-53A5-434D-854F-F550F9899699}.Ad-Hoc|x64.ActiveCfg = Release|Any CPU
		{8C0CFAD9-53A5-434D-854F-F550F9899699}.Ad-Hoc|x64.Build.0 = Release|Any CPU
		{8C0CFAD9-53A5-434D-854F-F550F9899699}.Ad-Hoc|x86.ActiveCfg = Release|Any CPU
		{8C0CFAD9-53A5-434D-854F-F550F9899699}.Ad-Hoc|x86.Build.0 = Release|Any CPU
		{8C0CFAD9-53A5-434D-854F-F550F9899699}.AppStore|Any CPU.ActiveCfg = Release|Any CPU
		{8C0CFAD9-53A5-434D-854F-F550F9899699}.AppStore|Any CPU.Build.0 = Release|Any CPU
		{8C0CFAD9-53A5-434D-854F-F550F9899699}.AppStore|ARM.ActiveCfg = Release|Any CPU
		{8C0CFAD9-53A5-434D-854F-F550F9899699}.AppStore|ARM.Build.0 = Release|Any CPU
		{8C0CFAD9-53A5-434D-854F-F550F9899699}.AppStore|iPhone.ActiveCfg = Release|Any CPU
		{8C0CFAD9-53A5-434D-854F-F550F9899699}.AppStore|iPhone.Build.0 = Release|Any CPU
		{8C0CFAD9-53A5-434D-854F-F550F9899699}.AppStore|iPhoneSimulator.ActiveCfg = Release|Any CPU
		{8C0CFAD9-53A5-434D-854F-F550F9899699}.AppStore|iPhoneSimulator.Build.0 = Release|Any CPU
		{8C0CFAD9-53A5-434D-854F-F550F9899699}.AppStore|x64.ActiveCfg = Release|Any CPU
		{8C0CFAD9-53A5-434D-854F-F550F9899699}.AppStore|x64.Build.0 = Release|Any CPU
		{8C0CFAD9-53A5-434D-854F-F550F9899699}.AppStore|x86.ActiveCfg = Release|Any CPU
		{8C0CFAD9-53A5-434D-854F-F550F9899699}.AppStore|x86.Build.0 = Release|Any CPU
		{8C0CFAD9-53A5-434D-854F-F550F9899699}.Debug|Any CPU.ActiveCfg = Debug|Any CPU
		{8C0CFAD9-53A5-434D-854F-F550F9899699}.Debug|Any CPU.Build.0 = Debug|Any CPU
		{8C0CFAD9-53A5-434D-854F-F550F9899699}.Debug|ARM.ActiveCfg = Debug|Any CPU
		{8C0CFAD9-53A5-434D-854F-F550F9899699}.Debug|ARM.Build.0 = Debug|Any CPU
		{8C0CFAD9-53A5-434D-854F-F550F9899699}.Debug|iPhone.ActiveCfg = Debug|Any CPU
		{8C0CFAD9-53A5-434D-854F-F550F9899699}.Debug|iPhone.Build.0 = Debug|Any CPU
		{8C0CFAD9-53A5-434D-854F-F550F9899699}.Debug|iPhoneSimulator.ActiveCfg = Debug|Any CPU
		{8C0CFAD9-53A5-434D-854F-F550F9899699}.Debug|iPhoneSimulator.Build.0 = Debug|Any CPU
		{8C0CFAD9-53A5-434D-854F-F550F9899699}.Debug|x64.ActiveCfg = Debug|Any CPU
		{8C0CFAD9-53A5-434D-854F-F550F9899699}.Debug|x64.Build.0 = Debug|Any CPU
		{8C0CFAD9-53A5-434D-854F-F550F9899699}.Debug|x86.ActiveCfg = Debug|Any CPU
		{8C0CFAD9-53A5-434D-854F-F550F9899699}.Debug|x86.Build.0 = Debug|Any CPU
		{8C0CFAD9-53A5-434D-854F-F550F9899699}.Release|Any CPU.ActiveCfg = Release|Any CPU
		{8C0CFAD9-53A5-434D-854F-F550F9899699}.Release|Any CPU.Build.0 = Release|Any CPU
		{8C0CFAD9-53A5-434D-854F-F550F9899699}.Release|ARM.ActiveCfg = Release|Any CPU
		{8C0CFAD9-53A5-434D-854F-F550F9899699}.Release|ARM.Build.0 = Release|Any CPU
		{8C0CFAD9-53A5-434D-854F-F550F9899699}.Release|iPhone.ActiveCfg = Release|Any CPU
		{8C0CFAD9-53A5-434D-854F-F550F9899699}.Release|iPhone.Build.0 = Release|Any CPU
		{8C0CFAD9-53A5-434D-854F-F550F9899699}.Release|iPhoneSimulator.ActiveCfg = Release|Any CPU
		{8C0CFAD9-53A5-434D-854F-F550F9899699}.Release|iPhoneSimulator.Build.0 = Release|Any CPU
		{8C0CFAD9-53A5-434D-854F-F550F9899699}.Release|x64.ActiveCfg = Release|Any CPU
		{8C0CFAD9-53A5-434D-854F-F550F9899699}.Release|x64.Build.0 = Release|Any CPU
		{8C0CFAD9-53A5-434D-854F-F550F9899699}.Release|x86.ActiveCfg = Release|Any CPU
		{8C0CFAD9-53A5-434D-854F-F550F9899699}.Release|x86.Build.0 = Release|Any CPU
		{8C0CFAD9-53A5-434D-854F-F550F9899699}.Release-Signed|Any CPU.ActiveCfg = Release|Any CPU
		{8C0CFAD9-53A5-434D-854F-F550F9899699}.Release-Signed|Any CPU.Build.0 = Release|Any CPU
		{8C0CFAD9-53A5-434D-854F-F550F9899699}.Release-Signed|ARM.ActiveCfg = Release|Any CPU
		{8C0CFAD9-53A5-434D-854F-F550F9899699}.Release-Signed|ARM.Build.0 = Release|Any CPU
		{8C0CFAD9-53A5-434D-854F-F550F9899699}.Release-Signed|iPhone.ActiveCfg = Release|Any CPU
		{8C0CFAD9-53A5-434D-854F-F550F9899699}.Release-Signed|iPhone.Build.0 = Release|Any CPU
		{8C0CFAD9-53A5-434D-854F-F550F9899699}.Release-Signed|iPhoneSimulator.ActiveCfg = Release|Any CPU
		{8C0CFAD9-53A5-434D-854F-F550F9899699}.Release-Signed|iPhoneSimulator.Build.0 = Release|Any CPU
		{8C0CFAD9-53A5-434D-854F-F550F9899699}.Release-Signed|x64.ActiveCfg = Release|Any CPU
		{8C0CFAD9-53A5-434D-854F-F550F9899699}.Release-Signed|x64.Build.0 = Release|Any CPU
		{8C0CFAD9-53A5-434D-854F-F550F9899699}.Release-Signed|x86.ActiveCfg = Release|Any CPU
		{8C0CFAD9-53A5-434D-854F-F550F9899699}.Release-Signed|x86.Build.0 = Release|Any CPU
		{FC747881-16B1-4A4C-8D0E-14F816E9F4CD}.Ad-Hoc|Any CPU.ActiveCfg = Release|Any CPU
		{FC747881-16B1-4A4C-8D0E-14F816E9F4CD}.Ad-Hoc|Any CPU.Build.0 = Release|Any CPU
		{FC747881-16B1-4A4C-8D0E-14F816E9F4CD}.Ad-Hoc|ARM.ActiveCfg = Release|Any CPU
		{FC747881-16B1-4A4C-8D0E-14F816E9F4CD}.Ad-Hoc|ARM.Build.0 = Release|Any CPU
		{FC747881-16B1-4A4C-8D0E-14F816E9F4CD}.Ad-Hoc|iPhone.ActiveCfg = Release|Any CPU
		{FC747881-16B1-4A4C-8D0E-14F816E9F4CD}.Ad-Hoc|iPhone.Build.0 = Release|Any CPU
		{FC747881-16B1-4A4C-8D0E-14F816E9F4CD}.Ad-Hoc|iPhoneSimulator.ActiveCfg = Release|Any CPU
		{FC747881-16B1-4A4C-8D0E-14F816E9F4CD}.Ad-Hoc|iPhoneSimulator.Build.0 = Release|Any CPU
		{FC747881-16B1-4A4C-8D0E-14F816E9F4CD}.Ad-Hoc|x64.ActiveCfg = Release|Any CPU
		{FC747881-16B1-4A4C-8D0E-14F816E9F4CD}.Ad-Hoc|x64.Build.0 = Release|Any CPU
		{FC747881-16B1-4A4C-8D0E-14F816E9F4CD}.Ad-Hoc|x86.ActiveCfg = Release|Any CPU
		{FC747881-16B1-4A4C-8D0E-14F816E9F4CD}.Ad-Hoc|x86.Build.0 = Release|Any CPU
		{FC747881-16B1-4A4C-8D0E-14F816E9F4CD}.AppStore|Any CPU.ActiveCfg = Release|Any CPU
		{FC747881-16B1-4A4C-8D0E-14F816E9F4CD}.AppStore|Any CPU.Build.0 = Release|Any CPU
		{FC747881-16B1-4A4C-8D0E-14F816E9F4CD}.AppStore|ARM.ActiveCfg = Release|Any CPU
		{FC747881-16B1-4A4C-8D0E-14F816E9F4CD}.AppStore|ARM.Build.0 = Release|Any CPU
		{FC747881-16B1-4A4C-8D0E-14F816E9F4CD}.AppStore|iPhone.ActiveCfg = Release|Any CPU
		{FC747881-16B1-4A4C-8D0E-14F816E9F4CD}.AppStore|iPhone.Build.0 = Release|Any CPU
		{FC747881-16B1-4A4C-8D0E-14F816E9F4CD}.AppStore|iPhoneSimulator.ActiveCfg = Release|Any CPU
		{FC747881-16B1-4A4C-8D0E-14F816E9F4CD}.AppStore|iPhoneSimulator.Build.0 = Release|Any CPU
		{FC747881-16B1-4A4C-8D0E-14F816E9F4CD}.AppStore|x64.ActiveCfg = Release|Any CPU
		{FC747881-16B1-4A4C-8D0E-14F816E9F4CD}.AppStore|x64.Build.0 = Release|Any CPU
		{FC747881-16B1-4A4C-8D0E-14F816E9F4CD}.AppStore|x86.ActiveCfg = Release|Any CPU
		{FC747881-16B1-4A4C-8D0E-14F816E9F4CD}.AppStore|x86.Build.0 = Release|Any CPU
		{FC747881-16B1-4A4C-8D0E-14F816E9F4CD}.Debug|Any CPU.ActiveCfg = Debug|Any CPU
		{FC747881-16B1-4A4C-8D0E-14F816E9F4CD}.Debug|Any CPU.Build.0 = Debug|Any CPU
		{FC747881-16B1-4A4C-8D0E-14F816E9F4CD}.Debug|ARM.ActiveCfg = Debug|Any CPU
		{FC747881-16B1-4A4C-8D0E-14F816E9F4CD}.Debug|ARM.Build.0 = Debug|Any CPU
		{FC747881-16B1-4A4C-8D0E-14F816E9F4CD}.Debug|iPhone.ActiveCfg = Debug|Any CPU
		{FC747881-16B1-4A4C-8D0E-14F816E9F4CD}.Debug|iPhone.Build.0 = Debug|Any CPU
		{FC747881-16B1-4A4C-8D0E-14F816E9F4CD}.Debug|iPhoneSimulator.ActiveCfg = Debug|Any CPU
		{FC747881-16B1-4A4C-8D0E-14F816E9F4CD}.Debug|iPhoneSimulator.Build.0 = Debug|Any CPU
		{FC747881-16B1-4A4C-8D0E-14F816E9F4CD}.Debug|x64.ActiveCfg = Debug|Any CPU
		{FC747881-16B1-4A4C-8D0E-14F816E9F4CD}.Debug|x64.Build.0 = Debug|Any CPU
		{FC747881-16B1-4A4C-8D0E-14F816E9F4CD}.Debug|x86.ActiveCfg = Debug|Any CPU
		{FC747881-16B1-4A4C-8D0E-14F816E9F4CD}.Debug|x86.Build.0 = Debug|Any CPU
		{FC747881-16B1-4A4C-8D0E-14F816E9F4CD}.Release|Any CPU.ActiveCfg = Release|Any CPU
		{FC747881-16B1-4A4C-8D0E-14F816E9F4CD}.Release|Any CPU.Build.0 = Release|Any CPU
		{FC747881-16B1-4A4C-8D0E-14F816E9F4CD}.Release|ARM.ActiveCfg = Release|Any CPU
		{FC747881-16B1-4A4C-8D0E-14F816E9F4CD}.Release|ARM.Build.0 = Release|Any CPU
		{FC747881-16B1-4A4C-8D0E-14F816E9F4CD}.Release|iPhone.ActiveCfg = Release|Any CPU
		{FC747881-16B1-4A4C-8D0E-14F816E9F4CD}.Release|iPhone.Build.0 = Release|Any CPU
		{FC747881-16B1-4A4C-8D0E-14F816E9F4CD}.Release|iPhoneSimulator.ActiveCfg = Release|Any CPU
		{FC747881-16B1-4A4C-8D0E-14F816E9F4CD}.Release|iPhoneSimulator.Build.0 = Release|Any CPU
		{FC747881-16B1-4A4C-8D0E-14F816E9F4CD}.Release|x64.ActiveCfg = Release|Any CPU
		{FC747881-16B1-4A4C-8D0E-14F816E9F4CD}.Release|x64.Build.0 = Release|Any CPU
		{FC747881-16B1-4A4C-8D0E-14F816E9F4CD}.Release|x86.ActiveCfg = Release|Any CPU
		{FC747881-16B1-4A4C-8D0E-14F816E9F4CD}.Release|x86.Build.0 = Release|Any CPU
		{FC747881-16B1-4A4C-8D0E-14F816E9F4CD}.Release-Signed|Any CPU.ActiveCfg = Release|Any CPU
		{FC747881-16B1-4A4C-8D0E-14F816E9F4CD}.Release-Signed|Any CPU.Build.0 = Release|Any CPU
		{FC747881-16B1-4A4C-8D0E-14F816E9F4CD}.Release-Signed|ARM.ActiveCfg = Release|Any CPU
		{FC747881-16B1-4A4C-8D0E-14F816E9F4CD}.Release-Signed|ARM.Build.0 = Release|Any CPU
		{FC747881-16B1-4A4C-8D0E-14F816E9F4CD}.Release-Signed|iPhone.ActiveCfg = Release|Any CPU
		{FC747881-16B1-4A4C-8D0E-14F816E9F4CD}.Release-Signed|iPhone.Build.0 = Release|Any CPU
		{FC747881-16B1-4A4C-8D0E-14F816E9F4CD}.Release-Signed|iPhoneSimulator.ActiveCfg = Release|Any CPU
		{FC747881-16B1-4A4C-8D0E-14F816E9F4CD}.Release-Signed|iPhoneSimulator.Build.0 = Release|Any CPU
		{FC747881-16B1-4A4C-8D0E-14F816E9F4CD}.Release-Signed|x64.ActiveCfg = Release|Any CPU
		{FC747881-16B1-4A4C-8D0E-14F816E9F4CD}.Release-Signed|x64.Build.0 = Release|Any CPU
		{FC747881-16B1-4A4C-8D0E-14F816E9F4CD}.Release-Signed|x86.ActiveCfg = Release|Any CPU
		{FC747881-16B1-4A4C-8D0E-14F816E9F4CD}.Release-Signed|x86.Build.0 = Release|Any CPU
		{44B7D6CD-60A8-4FC5-A0B8-D145DC80F741}.Ad-Hoc|Any CPU.ActiveCfg = Release|Any CPU
		{44B7D6CD-60A8-4FC5-A0B8-D145DC80F741}.Ad-Hoc|Any CPU.Build.0 = Release|Any CPU
		{44B7D6CD-60A8-4FC5-A0B8-D145DC80F741}.Ad-Hoc|ARM.ActiveCfg = Release|Any CPU
		{44B7D6CD-60A8-4FC5-A0B8-D145DC80F741}.Ad-Hoc|ARM.Build.0 = Release|Any CPU
		{44B7D6CD-60A8-4FC5-A0B8-D145DC80F741}.Ad-Hoc|iPhone.ActiveCfg = Release|Any CPU
		{44B7D6CD-60A8-4FC5-A0B8-D145DC80F741}.Ad-Hoc|iPhone.Build.0 = Release|Any CPU
		{44B7D6CD-60A8-4FC5-A0B8-D145DC80F741}.Ad-Hoc|iPhoneSimulator.ActiveCfg = Release|Any CPU
		{44B7D6CD-60A8-4FC5-A0B8-D145DC80F741}.Ad-Hoc|iPhoneSimulator.Build.0 = Release|Any CPU
		{44B7D6CD-60A8-4FC5-A0B8-D145DC80F741}.Ad-Hoc|x64.ActiveCfg = Release|Any CPU
		{44B7D6CD-60A8-4FC5-A0B8-D145DC80F741}.Ad-Hoc|x64.Build.0 = Release|Any CPU
		{44B7D6CD-60A8-4FC5-A0B8-D145DC80F741}.Ad-Hoc|x86.ActiveCfg = Release|Any CPU
		{44B7D6CD-60A8-4FC5-A0B8-D145DC80F741}.Ad-Hoc|x86.Build.0 = Release|Any CPU
		{44B7D6CD-60A8-4FC5-A0B8-D145DC80F741}.AppStore|Any CPU.ActiveCfg = Release|Any CPU
		{44B7D6CD-60A8-4FC5-A0B8-D145DC80F741}.AppStore|Any CPU.Build.0 = Release|Any CPU
		{44B7D6CD-60A8-4FC5-A0B8-D145DC80F741}.AppStore|ARM.ActiveCfg = Release|Any CPU
		{44B7D6CD-60A8-4FC5-A0B8-D145DC80F741}.AppStore|ARM.Build.0 = Release|Any CPU
		{44B7D6CD-60A8-4FC5-A0B8-D145DC80F741}.AppStore|iPhone.ActiveCfg = Release|Any CPU
		{44B7D6CD-60A8-4FC5-A0B8-D145DC80F741}.AppStore|iPhone.Build.0 = Release|Any CPU
		{44B7D6CD-60A8-4FC5-A0B8-D145DC80F741}.AppStore|iPhoneSimulator.ActiveCfg = Release|Any CPU
		{44B7D6CD-60A8-4FC5-A0B8-D145DC80F741}.AppStore|iPhoneSimulator.Build.0 = Release|Any CPU
		{44B7D6CD-60A8-4FC5-A0B8-D145DC80F741}.AppStore|x64.ActiveCfg = Release|Any CPU
		{44B7D6CD-60A8-4FC5-A0B8-D145DC80F741}.AppStore|x64.Build.0 = Release|Any CPU
		{44B7D6CD-60A8-4FC5-A0B8-D145DC80F741}.AppStore|x86.ActiveCfg = Release|Any CPU
		{44B7D6CD-60A8-4FC5-A0B8-D145DC80F741}.AppStore|x86.Build.0 = Release|Any CPU
		{44B7D6CD-60A8-4FC5-A0B8-D145DC80F741}.Debug|Any CPU.ActiveCfg = Debug|Any CPU
		{44B7D6CD-60A8-4FC5-A0B8-D145DC80F741}.Debug|Any CPU.Build.0 = Debug|Any CPU
		{44B7D6CD-60A8-4FC5-A0B8-D145DC80F741}.Debug|ARM.ActiveCfg = Debug|Any CPU
		{44B7D6CD-60A8-4FC5-A0B8-D145DC80F741}.Debug|ARM.Build.0 = Debug|Any CPU
		{44B7D6CD-60A8-4FC5-A0B8-D145DC80F741}.Debug|iPhone.ActiveCfg = Debug|Any CPU
		{44B7D6CD-60A8-4FC5-A0B8-D145DC80F741}.Debug|iPhone.Build.0 = Debug|Any CPU
		{44B7D6CD-60A8-4FC5-A0B8-D145DC80F741}.Debug|iPhoneSimulator.ActiveCfg = Debug|Any CPU
		{44B7D6CD-60A8-4FC5-A0B8-D145DC80F741}.Debug|iPhoneSimulator.Build.0 = Debug|Any CPU
		{44B7D6CD-60A8-4FC5-A0B8-D145DC80F741}.Debug|x64.ActiveCfg = Debug|Any CPU
		{44B7D6CD-60A8-4FC5-A0B8-D145DC80F741}.Debug|x64.Build.0 = Debug|Any CPU
		{44B7D6CD-60A8-4FC5-A0B8-D145DC80F741}.Debug|x86.ActiveCfg = Debug|Any CPU
		{44B7D6CD-60A8-4FC5-A0B8-D145DC80F741}.Debug|x86.Build.0 = Debug|Any CPU
		{44B7D6CD-60A8-4FC5-A0B8-D145DC80F741}.Release|Any CPU.ActiveCfg = Release|Any CPU
		{44B7D6CD-60A8-4FC5-A0B8-D145DC80F741}.Release|Any CPU.Build.0 = Release|Any CPU
		{44B7D6CD-60A8-4FC5-A0B8-D145DC80F741}.Release|ARM.ActiveCfg = Release|Any CPU
		{44B7D6CD-60A8-4FC5-A0B8-D145DC80F741}.Release|ARM.Build.0 = Release|Any CPU
		{44B7D6CD-60A8-4FC5-A0B8-D145DC80F741}.Release|iPhone.ActiveCfg = Release|Any CPU
		{44B7D6CD-60A8-4FC5-A0B8-D145DC80F741}.Release|iPhone.Build.0 = Release|Any CPU
		{44B7D6CD-60A8-4FC5-A0B8-D145DC80F741}.Release|iPhoneSimulator.ActiveCfg = Release|Any CPU
		{44B7D6CD-60A8-4FC5-A0B8-D145DC80F741}.Release|iPhoneSimulator.Build.0 = Release|Any CPU
		{44B7D6CD-60A8-4FC5-A0B8-D145DC80F741}.Release|x64.ActiveCfg = Release|Any CPU
		{44B7D6CD-60A8-4FC5-A0B8-D145DC80F741}.Release|x64.Build.0 = Release|Any CPU
		{44B7D6CD-60A8-4FC5-A0B8-D145DC80F741}.Release|x86.ActiveCfg = Release|Any CPU
		{44B7D6CD-60A8-4FC5-A0B8-D145DC80F741}.Release|x86.Build.0 = Release|Any CPU
		{44B7D6CD-60A8-4FC5-A0B8-D145DC80F741}.Release-Signed|Any CPU.ActiveCfg = Release|Any CPU
		{44B7D6CD-60A8-4FC5-A0B8-D145DC80F741}.Release-Signed|Any CPU.Build.0 = Release|Any CPU
		{44B7D6CD-60A8-4FC5-A0B8-D145DC80F741}.Release-Signed|ARM.ActiveCfg = Release|Any CPU
		{44B7D6CD-60A8-4FC5-A0B8-D145DC80F741}.Release-Signed|ARM.Build.0 = Release|Any CPU
		{44B7D6CD-60A8-4FC5-A0B8-D145DC80F741}.Release-Signed|iPhone.ActiveCfg = Release|Any CPU
		{44B7D6CD-60A8-4FC5-A0B8-D145DC80F741}.Release-Signed|iPhone.Build.0 = Release|Any CPU
		{44B7D6CD-60A8-4FC5-A0B8-D145DC80F741}.Release-Signed|iPhoneSimulator.ActiveCfg = Release|Any CPU
		{44B7D6CD-60A8-4FC5-A0B8-D145DC80F741}.Release-Signed|iPhoneSimulator.Build.0 = Release|Any CPU
		{44B7D6CD-60A8-4FC5-A0B8-D145DC80F741}.Release-Signed|x64.ActiveCfg = Release|Any CPU
		{44B7D6CD-60A8-4FC5-A0B8-D145DC80F741}.Release-Signed|x64.Build.0 = Release|Any CPU
		{44B7D6CD-60A8-4FC5-A0B8-D145DC80F741}.Release-Signed|x86.ActiveCfg = Release|Any CPU
		{44B7D6CD-60A8-4FC5-A0B8-D145DC80F741}.Release-Signed|x86.Build.0 = Release|Any CPU
		{2726E597-5712-4CC5-8EAA-979E23D9BE11}.Ad-Hoc|Any CPU.ActiveCfg = Release|Any CPU
		{2726E597-5712-4CC5-8EAA-979E23D9BE11}.Ad-Hoc|Any CPU.Build.0 = Release|Any CPU
		{2726E597-5712-4CC5-8EAA-979E23D9BE11}.Ad-Hoc|ARM.ActiveCfg = Release|Any CPU
		{2726E597-5712-4CC5-8EAA-979E23D9BE11}.Ad-Hoc|ARM.Build.0 = Release|Any CPU
		{2726E597-5712-4CC5-8EAA-979E23D9BE11}.Ad-Hoc|iPhone.ActiveCfg = Release|Any CPU
		{2726E597-5712-4CC5-8EAA-979E23D9BE11}.Ad-Hoc|iPhone.Build.0 = Release|Any CPU
		{2726E597-5712-4CC5-8EAA-979E23D9BE11}.Ad-Hoc|iPhoneSimulator.ActiveCfg = Release|Any CPU
		{2726E597-5712-4CC5-8EAA-979E23D9BE11}.Ad-Hoc|iPhoneSimulator.Build.0 = Release|Any CPU
		{2726E597-5712-4CC5-8EAA-979E23D9BE11}.Ad-Hoc|x64.ActiveCfg = Release|Any CPU
		{2726E597-5712-4CC5-8EAA-979E23D9BE11}.Ad-Hoc|x64.Build.0 = Release|Any CPU
		{2726E597-5712-4CC5-8EAA-979E23D9BE11}.Ad-Hoc|x86.ActiveCfg = Release|Any CPU
		{2726E597-5712-4CC5-8EAA-979E23D9BE11}.Ad-Hoc|x86.Build.0 = Release|Any CPU
		{2726E597-5712-4CC5-8EAA-979E23D9BE11}.AppStore|Any CPU.ActiveCfg = Release|Any CPU
		{2726E597-5712-4CC5-8EAA-979E23D9BE11}.AppStore|Any CPU.Build.0 = Release|Any CPU
		{2726E597-5712-4CC5-8EAA-979E23D9BE11}.AppStore|ARM.ActiveCfg = Release|Any CPU
		{2726E597-5712-4CC5-8EAA-979E23D9BE11}.AppStore|ARM.Build.0 = Release|Any CPU
		{2726E597-5712-4CC5-8EAA-979E23D9BE11}.AppStore|iPhone.ActiveCfg = Release|Any CPU
		{2726E597-5712-4CC5-8EAA-979E23D9BE11}.AppStore|iPhone.Build.0 = Release|Any CPU
		{2726E597-5712-4CC5-8EAA-979E23D9BE11}.AppStore|iPhoneSimulator.ActiveCfg = Release|Any CPU
		{2726E597-5712-4CC5-8EAA-979E23D9BE11}.AppStore|iPhoneSimulator.Build.0 = Release|Any CPU
		{2726E597-5712-4CC5-8EAA-979E23D9BE11}.AppStore|x64.ActiveCfg = Release|Any CPU
		{2726E597-5712-4CC5-8EAA-979E23D9BE11}.AppStore|x64.Build.0 = Release|Any CPU
		{2726E597-5712-4CC5-8EAA-979E23D9BE11}.AppStore|x86.ActiveCfg = Release|Any CPU
		{2726E597-5712-4CC5-8EAA-979E23D9BE11}.AppStore|x86.Build.0 = Release|Any CPU
		{2726E597-5712-4CC5-8EAA-979E23D9BE11}.Debug|Any CPU.ActiveCfg = Debug|Any CPU
		{2726E597-5712-4CC5-8EAA-979E23D9BE11}.Debug|Any CPU.Build.0 = Debug|Any CPU
		{2726E597-5712-4CC5-8EAA-979E23D9BE11}.Debug|ARM.ActiveCfg = Debug|Any CPU
		{2726E597-5712-4CC5-8EAA-979E23D9BE11}.Debug|ARM.Build.0 = Debug|Any CPU
		{2726E597-5712-4CC5-8EAA-979E23D9BE11}.Debug|iPhone.ActiveCfg = Debug|Any CPU
		{2726E597-5712-4CC5-8EAA-979E23D9BE11}.Debug|iPhone.Build.0 = Debug|Any CPU
		{2726E597-5712-4CC5-8EAA-979E23D9BE11}.Debug|iPhoneSimulator.ActiveCfg = Debug|Any CPU
		{2726E597-5712-4CC5-8EAA-979E23D9BE11}.Debug|iPhoneSimulator.Build.0 = Debug|Any CPU
		{2726E597-5712-4CC5-8EAA-979E23D9BE11}.Debug|x64.ActiveCfg = Debug|Any CPU
		{2726E597-5712-4CC5-8EAA-979E23D9BE11}.Debug|x64.Build.0 = Debug|Any CPU
		{2726E597-5712-4CC5-8EAA-979E23D9BE11}.Debug|x86.ActiveCfg = Debug|Any CPU
		{2726E597-5712-4CC5-8EAA-979E23D9BE11}.Debug|x86.Build.0 = Debug|Any CPU
		{2726E597-5712-4CC5-8EAA-979E23D9BE11}.Release|Any CPU.ActiveCfg = Release|Any CPU
		{2726E597-5712-4CC5-8EAA-979E23D9BE11}.Release|Any CPU.Build.0 = Release|Any CPU
		{2726E597-5712-4CC5-8EAA-979E23D9BE11}.Release|ARM.ActiveCfg = Release|Any CPU
		{2726E597-5712-4CC5-8EAA-979E23D9BE11}.Release|ARM.Build.0 = Release|Any CPU
		{2726E597-5712-4CC5-8EAA-979E23D9BE11}.Release|iPhone.ActiveCfg = Release|Any CPU
		{2726E597-5712-4CC5-8EAA-979E23D9BE11}.Release|iPhone.Build.0 = Release|Any CPU
		{2726E597-5712-4CC5-8EAA-979E23D9BE11}.Release|iPhoneSimulator.ActiveCfg = Release|Any CPU
		{2726E597-5712-4CC5-8EAA-979E23D9BE11}.Release|iPhoneSimulator.Build.0 = Release|Any CPU
		{2726E597-5712-4CC5-8EAA-979E23D9BE11}.Release|x64.ActiveCfg = Release|Any CPU
		{2726E597-5712-4CC5-8EAA-979E23D9BE11}.Release|x64.Build.0 = Release|Any CPU
		{2726E597-5712-4CC5-8EAA-979E23D9BE11}.Release|x86.ActiveCfg = Release|Any CPU
		{2726E597-5712-4CC5-8EAA-979E23D9BE11}.Release|x86.Build.0 = Release|Any CPU
		{2726E597-5712-4CC5-8EAA-979E23D9BE11}.Release-Signed|Any CPU.ActiveCfg = Release|Any CPU
		{2726E597-5712-4CC5-8EAA-979E23D9BE11}.Release-Signed|Any CPU.Build.0 = Release|Any CPU
		{2726E597-5712-4CC5-8EAA-979E23D9BE11}.Release-Signed|ARM.ActiveCfg = Release|Any CPU
		{2726E597-5712-4CC5-8EAA-979E23D9BE11}.Release-Signed|ARM.Build.0 = Release|Any CPU
		{2726E597-5712-4CC5-8EAA-979E23D9BE11}.Release-Signed|iPhone.ActiveCfg = Release|Any CPU
		{2726E597-5712-4CC5-8EAA-979E23D9BE11}.Release-Signed|iPhone.Build.0 = Release|Any CPU
		{2726E597-5712-4CC5-8EAA-979E23D9BE11}.Release-Signed|iPhoneSimulator.ActiveCfg = Release|Any CPU
		{2726E597-5712-4CC5-8EAA-979E23D9BE11}.Release-Signed|iPhoneSimulator.Build.0 = Release|Any CPU
		{2726E597-5712-4CC5-8EAA-979E23D9BE11}.Release-Signed|x64.ActiveCfg = Release|Any CPU
		{2726E597-5712-4CC5-8EAA-979E23D9BE11}.Release-Signed|x64.Build.0 = Release|Any CPU
		{2726E597-5712-4CC5-8EAA-979E23D9BE11}.Release-Signed|x86.ActiveCfg = Release|Any CPU
		{2726E597-5712-4CC5-8EAA-979E23D9BE11}.Release-Signed|x86.Build.0 = Release|Any CPU
		{5B673FCB-DFBF-4675-8BDA-E2CA7286B553}.Ad-Hoc|Any CPU.ActiveCfg = Release|Any CPU
		{5B673FCB-DFBF-4675-8BDA-E2CA7286B553}.Ad-Hoc|Any CPU.Build.0 = Release|Any CPU
		{5B673FCB-DFBF-4675-8BDA-E2CA7286B553}.Ad-Hoc|ARM.ActiveCfg = Release|Any CPU
		{5B673FCB-DFBF-4675-8BDA-E2CA7286B553}.Ad-Hoc|ARM.Build.0 = Release|Any CPU
		{5B673FCB-DFBF-4675-8BDA-E2CA7286B553}.Ad-Hoc|iPhone.ActiveCfg = Release|Any CPU
		{5B673FCB-DFBF-4675-8BDA-E2CA7286B553}.Ad-Hoc|iPhone.Build.0 = Release|Any CPU
		{5B673FCB-DFBF-4675-8BDA-E2CA7286B553}.Ad-Hoc|iPhoneSimulator.ActiveCfg = Release|Any CPU
		{5B673FCB-DFBF-4675-8BDA-E2CA7286B553}.Ad-Hoc|iPhoneSimulator.Build.0 = Release|Any CPU
		{5B673FCB-DFBF-4675-8BDA-E2CA7286B553}.Ad-Hoc|x64.ActiveCfg = Release|Any CPU
		{5B673FCB-DFBF-4675-8BDA-E2CA7286B553}.Ad-Hoc|x64.Build.0 = Release|Any CPU
		{5B673FCB-DFBF-4675-8BDA-E2CA7286B553}.Ad-Hoc|x86.ActiveCfg = Release|Any CPU
		{5B673FCB-DFBF-4675-8BDA-E2CA7286B553}.Ad-Hoc|x86.Build.0 = Release|Any CPU
		{5B673FCB-DFBF-4675-8BDA-E2CA7286B553}.AppStore|Any CPU.ActiveCfg = Release|Any CPU
		{5B673FCB-DFBF-4675-8BDA-E2CA7286B553}.AppStore|Any CPU.Build.0 = Release|Any CPU
		{5B673FCB-DFBF-4675-8BDA-E2CA7286B553}.AppStore|ARM.ActiveCfg = Release|Any CPU
		{5B673FCB-DFBF-4675-8BDA-E2CA7286B553}.AppStore|ARM.Build.0 = Release|Any CPU
		{5B673FCB-DFBF-4675-8BDA-E2CA7286B553}.AppStore|iPhone.ActiveCfg = Release|Any CPU
		{5B673FCB-DFBF-4675-8BDA-E2CA7286B553}.AppStore|iPhone.Build.0 = Release|Any CPU
		{5B673FCB-DFBF-4675-8BDA-E2CA7286B553}.AppStore|iPhoneSimulator.ActiveCfg = Release|Any CPU
		{5B673FCB-DFBF-4675-8BDA-E2CA7286B553}.AppStore|iPhoneSimulator.Build.0 = Release|Any CPU
		{5B673FCB-DFBF-4675-8BDA-E2CA7286B553}.AppStore|x64.ActiveCfg = Release|Any CPU
		{5B673FCB-DFBF-4675-8BDA-E2CA7286B553}.AppStore|x64.Build.0 = Release|Any CPU
		{5B673FCB-DFBF-4675-8BDA-E2CA7286B553}.AppStore|x86.ActiveCfg = Release|Any CPU
		{5B673FCB-DFBF-4675-8BDA-E2CA7286B553}.AppStore|x86.Build.0 = Release|Any CPU
		{5B673FCB-DFBF-4675-8BDA-E2CA7286B553}.Debug|Any CPU.ActiveCfg = Debug|Any CPU
		{5B673FCB-DFBF-4675-8BDA-E2CA7286B553}.Debug|Any CPU.Build.0 = Debug|Any CPU
		{5B673FCB-DFBF-4675-8BDA-E2CA7286B553}.Debug|ARM.ActiveCfg = Debug|Any CPU
		{5B673FCB-DFBF-4675-8BDA-E2CA7286B553}.Debug|ARM.Build.0 = Debug|Any CPU
		{5B673FCB-DFBF-4675-8BDA-E2CA7286B553}.Debug|iPhone.ActiveCfg = Debug|Any CPU
		{5B673FCB-DFBF-4675-8BDA-E2CA7286B553}.Debug|iPhone.Build.0 = Debug|Any CPU
		{5B673FCB-DFBF-4675-8BDA-E2CA7286B553}.Debug|iPhoneSimulator.ActiveCfg = Debug|Any CPU
		{5B673FCB-DFBF-4675-8BDA-E2CA7286B553}.Debug|iPhoneSimulator.Build.0 = Debug|Any CPU
		{5B673FCB-DFBF-4675-8BDA-E2CA7286B553}.Debug|x64.ActiveCfg = Debug|Any CPU
		{5B673FCB-DFBF-4675-8BDA-E2CA7286B553}.Debug|x64.Build.0 = Debug|Any CPU
		{5B673FCB-DFBF-4675-8BDA-E2CA7286B553}.Debug|x86.ActiveCfg = Debug|Any CPU
		{5B673FCB-DFBF-4675-8BDA-E2CA7286B553}.Debug|x86.Build.0 = Debug|Any CPU
		{5B673FCB-DFBF-4675-8BDA-E2CA7286B553}.Release|Any CPU.ActiveCfg = Release|Any CPU
		{5B673FCB-DFBF-4675-8BDA-E2CA7286B553}.Release|Any CPU.Build.0 = Release|Any CPU
		{5B673FCB-DFBF-4675-8BDA-E2CA7286B553}.Release|ARM.ActiveCfg = Release|Any CPU
		{5B673FCB-DFBF-4675-8BDA-E2CA7286B553}.Release|ARM.Build.0 = Release|Any CPU
		{5B673FCB-DFBF-4675-8BDA-E2CA7286B553}.Release|iPhone.ActiveCfg = Release|Any CPU
		{5B673FCB-DFBF-4675-8BDA-E2CA7286B553}.Release|iPhone.Build.0 = Release|Any CPU
		{5B673FCB-DFBF-4675-8BDA-E2CA7286B553}.Release|iPhoneSimulator.ActiveCfg = Release|Any CPU
		{5B673FCB-DFBF-4675-8BDA-E2CA7286B553}.Release|iPhoneSimulator.Build.0 = Release|Any CPU
		{5B673FCB-DFBF-4675-8BDA-E2CA7286B553}.Release|x64.ActiveCfg = Release|Any CPU
		{5B673FCB-DFBF-4675-8BDA-E2CA7286B553}.Release|x64.Build.0 = Release|Any CPU
		{5B673FCB-DFBF-4675-8BDA-E2CA7286B553}.Release|x86.ActiveCfg = Release|Any CPU
		{5B673FCB-DFBF-4675-8BDA-E2CA7286B553}.Release|x86.Build.0 = Release|Any CPU
		{5B673FCB-DFBF-4675-8BDA-E2CA7286B553}.Release-Signed|Any CPU.ActiveCfg = Release|Any CPU
		{5B673FCB-DFBF-4675-8BDA-E2CA7286B553}.Release-Signed|Any CPU.Build.0 = Release|Any CPU
		{5B673FCB-DFBF-4675-8BDA-E2CA7286B553}.Release-Signed|ARM.ActiveCfg = Release|Any CPU
		{5B673FCB-DFBF-4675-8BDA-E2CA7286B553}.Release-Signed|ARM.Build.0 = Release|Any CPU
		{5B673FCB-DFBF-4675-8BDA-E2CA7286B553}.Release-Signed|iPhone.ActiveCfg = Release|Any CPU
		{5B673FCB-DFBF-4675-8BDA-E2CA7286B553}.Release-Signed|iPhone.Build.0 = Release|Any CPU
		{5B673FCB-DFBF-4675-8BDA-E2CA7286B553}.Release-Signed|iPhoneSimulator.ActiveCfg = Release|Any CPU
		{5B673FCB-DFBF-4675-8BDA-E2CA7286B553}.Release-Signed|iPhoneSimulator.Build.0 = Release|Any CPU
		{5B673FCB-DFBF-4675-8BDA-E2CA7286B553}.Release-Signed|x64.ActiveCfg = Release|Any CPU
		{5B673FCB-DFBF-4675-8BDA-E2CA7286B553}.Release-Signed|x64.Build.0 = Release|Any CPU
		{5B673FCB-DFBF-4675-8BDA-E2CA7286B553}.Release-Signed|x86.ActiveCfg = Release|Any CPU
		{5B673FCB-DFBF-4675-8BDA-E2CA7286B553}.Release-Signed|x86.Build.0 = Release|Any CPU
		{5EF5C8D4-8A54-405B-9CF2-450969372DA0}.Ad-Hoc|Any CPU.ActiveCfg = Release|Any CPU
		{5EF5C8D4-8A54-405B-9CF2-450969372DA0}.Ad-Hoc|Any CPU.Build.0 = Release|Any CPU
		{5EF5C8D4-8A54-405B-9CF2-450969372DA0}.Ad-Hoc|Any CPU.Deploy.0 = Release|Any CPU
		{5EF5C8D4-8A54-405B-9CF2-450969372DA0}.Ad-Hoc|ARM.ActiveCfg = Release|Any CPU
		{5EF5C8D4-8A54-405B-9CF2-450969372DA0}.Ad-Hoc|ARM.Build.0 = Release|Any CPU
		{5EF5C8D4-8A54-405B-9CF2-450969372DA0}.Ad-Hoc|ARM.Deploy.0 = Release|Any CPU
		{5EF5C8D4-8A54-405B-9CF2-450969372DA0}.Ad-Hoc|iPhone.ActiveCfg = Release|Any CPU
		{5EF5C8D4-8A54-405B-9CF2-450969372DA0}.Ad-Hoc|iPhone.Build.0 = Release|Any CPU
		{5EF5C8D4-8A54-405B-9CF2-450969372DA0}.Ad-Hoc|iPhone.Deploy.0 = Release|Any CPU
		{5EF5C8D4-8A54-405B-9CF2-450969372DA0}.Ad-Hoc|iPhoneSimulator.ActiveCfg = Release|Any CPU
		{5EF5C8D4-8A54-405B-9CF2-450969372DA0}.Ad-Hoc|iPhoneSimulator.Build.0 = Release|Any CPU
		{5EF5C8D4-8A54-405B-9CF2-450969372DA0}.Ad-Hoc|iPhoneSimulator.Deploy.0 = Release|Any CPU
		{5EF5C8D4-8A54-405B-9CF2-450969372DA0}.Ad-Hoc|x64.ActiveCfg = Release|Any CPU
		{5EF5C8D4-8A54-405B-9CF2-450969372DA0}.Ad-Hoc|x64.Build.0 = Release|Any CPU
		{5EF5C8D4-8A54-405B-9CF2-450969372DA0}.Ad-Hoc|x64.Deploy.0 = Release|Any CPU
		{5EF5C8D4-8A54-405B-9CF2-450969372DA0}.Ad-Hoc|x86.ActiveCfg = Release|Any CPU
		{5EF5C8D4-8A54-405B-9CF2-450969372DA0}.Ad-Hoc|x86.Build.0 = Release|Any CPU
		{5EF5C8D4-8A54-405B-9CF2-450969372DA0}.Ad-Hoc|x86.Deploy.0 = Release|Any CPU
		{5EF5C8D4-8A54-405B-9CF2-450969372DA0}.AppStore|Any CPU.ActiveCfg = Release|Any CPU
		{5EF5C8D4-8A54-405B-9CF2-450969372DA0}.AppStore|Any CPU.Build.0 = Release|Any CPU
		{5EF5C8D4-8A54-405B-9CF2-450969372DA0}.AppStore|Any CPU.Deploy.0 = Release|Any CPU
		{5EF5C8D4-8A54-405B-9CF2-450969372DA0}.AppStore|ARM.ActiveCfg = Release|Any CPU
		{5EF5C8D4-8A54-405B-9CF2-450969372DA0}.AppStore|ARM.Build.0 = Release|Any CPU
		{5EF5C8D4-8A54-405B-9CF2-450969372DA0}.AppStore|ARM.Deploy.0 = Release|Any CPU
		{5EF5C8D4-8A54-405B-9CF2-450969372DA0}.AppStore|iPhone.ActiveCfg = Release|Any CPU
		{5EF5C8D4-8A54-405B-9CF2-450969372DA0}.AppStore|iPhone.Build.0 = Release|Any CPU
		{5EF5C8D4-8A54-405B-9CF2-450969372DA0}.AppStore|iPhone.Deploy.0 = Release|Any CPU
		{5EF5C8D4-8A54-405B-9CF2-450969372DA0}.AppStore|iPhoneSimulator.ActiveCfg = Release|Any CPU
		{5EF5C8D4-8A54-405B-9CF2-450969372DA0}.AppStore|iPhoneSimulator.Build.0 = Release|Any CPU
		{5EF5C8D4-8A54-405B-9CF2-450969372DA0}.AppStore|iPhoneSimulator.Deploy.0 = Release|Any CPU
		{5EF5C8D4-8A54-405B-9CF2-450969372DA0}.AppStore|x64.ActiveCfg = Release|Any CPU
		{5EF5C8D4-8A54-405B-9CF2-450969372DA0}.AppStore|x64.Build.0 = Release|Any CPU
		{5EF5C8D4-8A54-405B-9CF2-450969372DA0}.AppStore|x64.Deploy.0 = Release|Any CPU
		{5EF5C8D4-8A54-405B-9CF2-450969372DA0}.AppStore|x86.ActiveCfg = Release|Any CPU
		{5EF5C8D4-8A54-405B-9CF2-450969372DA0}.AppStore|x86.Build.0 = Release|Any CPU
		{5EF5C8D4-8A54-405B-9CF2-450969372DA0}.AppStore|x86.Deploy.0 = Release|Any CPU
		{5EF5C8D4-8A54-405B-9CF2-450969372DA0}.Debug|Any CPU.ActiveCfg = Debug|Any CPU
		{5EF5C8D4-8A54-405B-9CF2-450969372DA0}.Debug|Any CPU.Build.0 = Debug|Any CPU
		{5EF5C8D4-8A54-405B-9CF2-450969372DA0}.Debug|Any CPU.Deploy.0 = Debug|Any CPU
		{5EF5C8D4-8A54-405B-9CF2-450969372DA0}.Debug|ARM.ActiveCfg = Debug|Any CPU
		{5EF5C8D4-8A54-405B-9CF2-450969372DA0}.Debug|ARM.Build.0 = Debug|Any CPU
		{5EF5C8D4-8A54-405B-9CF2-450969372DA0}.Debug|ARM.Deploy.0 = Debug|Any CPU
		{5EF5C8D4-8A54-405B-9CF2-450969372DA0}.Debug|iPhone.ActiveCfg = Debug|Any CPU
		{5EF5C8D4-8A54-405B-9CF2-450969372DA0}.Debug|iPhone.Build.0 = Debug|Any CPU
		{5EF5C8D4-8A54-405B-9CF2-450969372DA0}.Debug|iPhone.Deploy.0 = Debug|Any CPU
		{5EF5C8D4-8A54-405B-9CF2-450969372DA0}.Debug|iPhoneSimulator.ActiveCfg = Debug|Any CPU
		{5EF5C8D4-8A54-405B-9CF2-450969372DA0}.Debug|iPhoneSimulator.Build.0 = Debug|Any CPU
		{5EF5C8D4-8A54-405B-9CF2-450969372DA0}.Debug|iPhoneSimulator.Deploy.0 = Debug|Any CPU
		{5EF5C8D4-8A54-405B-9CF2-450969372DA0}.Debug|x64.ActiveCfg = Debug|Any CPU
		{5EF5C8D4-8A54-405B-9CF2-450969372DA0}.Debug|x64.Build.0 = Debug|Any CPU
		{5EF5C8D4-8A54-405B-9CF2-450969372DA0}.Debug|x64.Deploy.0 = Debug|Any CPU
		{5EF5C8D4-8A54-405B-9CF2-450969372DA0}.Debug|x86.ActiveCfg = Debug|Any CPU
		{5EF5C8D4-8A54-405B-9CF2-450969372DA0}.Debug|x86.Build.0 = Debug|Any CPU
		{5EF5C8D4-8A54-405B-9CF2-450969372DA0}.Debug|x86.Deploy.0 = Debug|Any CPU
		{5EF5C8D4-8A54-405B-9CF2-450969372DA0}.Release|Any CPU.ActiveCfg = Release|Any CPU
		{5EF5C8D4-8A54-405B-9CF2-450969372DA0}.Release|Any CPU.Build.0 = Release|Any CPU
		{5EF5C8D4-8A54-405B-9CF2-450969372DA0}.Release|Any CPU.Deploy.0 = Release|Any CPU
		{5EF5C8D4-8A54-405B-9CF2-450969372DA0}.Release|ARM.ActiveCfg = Release|Any CPU
		{5EF5C8D4-8A54-405B-9CF2-450969372DA0}.Release|ARM.Build.0 = Release|Any CPU
		{5EF5C8D4-8A54-405B-9CF2-450969372DA0}.Release|ARM.Deploy.0 = Release|Any CPU
		{5EF5C8D4-8A54-405B-9CF2-450969372DA0}.Release|iPhone.ActiveCfg = Release|Any CPU
		{5EF5C8D4-8A54-405B-9CF2-450969372DA0}.Release|iPhone.Build.0 = Release|Any CPU
		{5EF5C8D4-8A54-405B-9CF2-450969372DA0}.Release|iPhone.Deploy.0 = Release|Any CPU
		{5EF5C8D4-8A54-405B-9CF2-450969372DA0}.Release|iPhoneSimulator.ActiveCfg = Release|Any CPU
		{5EF5C8D4-8A54-405B-9CF2-450969372DA0}.Release|iPhoneSimulator.Build.0 = Release|Any CPU
		{5EF5C8D4-8A54-405B-9CF2-450969372DA0}.Release|iPhoneSimulator.Deploy.0 = Release|Any CPU
		{5EF5C8D4-8A54-405B-9CF2-450969372DA0}.Release|x64.ActiveCfg = Release|Any CPU
		{5EF5C8D4-8A54-405B-9CF2-450969372DA0}.Release|x64.Build.0 = Release|Any CPU
		{5EF5C8D4-8A54-405B-9CF2-450969372DA0}.Release|x64.Deploy.0 = Release|Any CPU
		{5EF5C8D4-8A54-405B-9CF2-450969372DA0}.Release|x86.ActiveCfg = Release|Any CPU
		{5EF5C8D4-8A54-405B-9CF2-450969372DA0}.Release|x86.Build.0 = Release|Any CPU
		{5EF5C8D4-8A54-405B-9CF2-450969372DA0}.Release|x86.Deploy.0 = Release|Any CPU
		{5EF5C8D4-8A54-405B-9CF2-450969372DA0}.Release-Signed|Any CPU.ActiveCfg = Release|Any CPU
		{5EF5C8D4-8A54-405B-9CF2-450969372DA0}.Release-Signed|Any CPU.Build.0 = Release|Any CPU
		{5EF5C8D4-8A54-405B-9CF2-450969372DA0}.Release-Signed|Any CPU.Deploy.0 = Release|Any CPU
		{5EF5C8D4-8A54-405B-9CF2-450969372DA0}.Release-Signed|ARM.ActiveCfg = Release|Any CPU
		{5EF5C8D4-8A54-405B-9CF2-450969372DA0}.Release-Signed|ARM.Build.0 = Release|Any CPU
		{5EF5C8D4-8A54-405B-9CF2-450969372DA0}.Release-Signed|ARM.Deploy.0 = Release|Any CPU
		{5EF5C8D4-8A54-405B-9CF2-450969372DA0}.Release-Signed|iPhone.ActiveCfg = Release|Any CPU
		{5EF5C8D4-8A54-405B-9CF2-450969372DA0}.Release-Signed|iPhone.Build.0 = Release|Any CPU
		{5EF5C8D4-8A54-405B-9CF2-450969372DA0}.Release-Signed|iPhone.Deploy.0 = Release|Any CPU
		{5EF5C8D4-8A54-405B-9CF2-450969372DA0}.Release-Signed|iPhoneSimulator.ActiveCfg = Release|Any CPU
		{5EF5C8D4-8A54-405B-9CF2-450969372DA0}.Release-Signed|iPhoneSimulator.Build.0 = Release|Any CPU
		{5EF5C8D4-8A54-405B-9CF2-450969372DA0}.Release-Signed|iPhoneSimulator.Deploy.0 = Release|Any CPU
		{5EF5C8D4-8A54-405B-9CF2-450969372DA0}.Release-Signed|x64.ActiveCfg = Release|Any CPU
		{5EF5C8D4-8A54-405B-9CF2-450969372DA0}.Release-Signed|x64.Build.0 = Release|Any CPU
		{5EF5C8D4-8A54-405B-9CF2-450969372DA0}.Release-Signed|x64.Deploy.0 = Release|Any CPU
		{5EF5C8D4-8A54-405B-9CF2-450969372DA0}.Release-Signed|x86.ActiveCfg = Release|Any CPU
		{5EF5C8D4-8A54-405B-9CF2-450969372DA0}.Release-Signed|x86.Build.0 = Release|Any CPU
		{5EF5C8D4-8A54-405B-9CF2-450969372DA0}.Release-Signed|x86.Deploy.0 = Release|Any CPU
		{7A4EF547-EA0F-479C-A6BB-293423544A4C}.Ad-Hoc|Any CPU.ActiveCfg = Ad-Hoc|iPhone
		{7A4EF547-EA0F-479C-A6BB-293423544A4C}.Ad-Hoc|ARM.ActiveCfg = Ad-Hoc|iPhone
		{7A4EF547-EA0F-479C-A6BB-293423544A4C}.Ad-Hoc|iPhone.ActiveCfg = Ad-Hoc|iPhone
		{7A4EF547-EA0F-479C-A6BB-293423544A4C}.Ad-Hoc|iPhone.Build.0 = Ad-Hoc|iPhone
		{7A4EF547-EA0F-479C-A6BB-293423544A4C}.Ad-Hoc|iPhoneSimulator.ActiveCfg = Ad-Hoc|iPhoneSimulator
		{7A4EF547-EA0F-479C-A6BB-293423544A4C}.Ad-Hoc|iPhoneSimulator.Build.0 = Ad-Hoc|iPhoneSimulator
		{7A4EF547-EA0F-479C-A6BB-293423544A4C}.Ad-Hoc|x64.ActiveCfg = Ad-Hoc|iPhone
		{7A4EF547-EA0F-479C-A6BB-293423544A4C}.Ad-Hoc|x86.ActiveCfg = Ad-Hoc|iPhone
		{7A4EF547-EA0F-479C-A6BB-293423544A4C}.AppStore|Any CPU.ActiveCfg = AppStore|iPhone
		{7A4EF547-EA0F-479C-A6BB-293423544A4C}.AppStore|ARM.ActiveCfg = AppStore|iPhone
		{7A4EF547-EA0F-479C-A6BB-293423544A4C}.AppStore|iPhone.ActiveCfg = AppStore|iPhone
		{7A4EF547-EA0F-479C-A6BB-293423544A4C}.AppStore|iPhone.Build.0 = AppStore|iPhone
		{7A4EF547-EA0F-479C-A6BB-293423544A4C}.AppStore|iPhoneSimulator.ActiveCfg = AppStore|iPhoneSimulator
		{7A4EF547-EA0F-479C-A6BB-293423544A4C}.AppStore|iPhoneSimulator.Build.0 = AppStore|iPhoneSimulator
		{7A4EF547-EA0F-479C-A6BB-293423544A4C}.AppStore|x64.ActiveCfg = AppStore|iPhone
		{7A4EF547-EA0F-479C-A6BB-293423544A4C}.AppStore|x86.ActiveCfg = AppStore|iPhone
		{7A4EF547-EA0F-479C-A6BB-293423544A4C}.Debug|Any CPU.ActiveCfg = Debug|iPhone
		{7A4EF547-EA0F-479C-A6BB-293423544A4C}.Debug|ARM.ActiveCfg = Debug|iPhone
		{7A4EF547-EA0F-479C-A6BB-293423544A4C}.Debug|iPhone.ActiveCfg = Debug|iPhone
		{7A4EF547-EA0F-479C-A6BB-293423544A4C}.Debug|iPhone.Build.0 = Debug|iPhone
		{7A4EF547-EA0F-479C-A6BB-293423544A4C}.Debug|iPhoneSimulator.ActiveCfg = Debug|iPhoneSimulator
		{7A4EF547-EA0F-479C-A6BB-293423544A4C}.Debug|iPhoneSimulator.Build.0 = Debug|iPhoneSimulator
		{7A4EF547-EA0F-479C-A6BB-293423544A4C}.Debug|x64.ActiveCfg = Debug|iPhone
		{7A4EF547-EA0F-479C-A6BB-293423544A4C}.Debug|x86.ActiveCfg = Debug|iPhone
		{7A4EF547-EA0F-479C-A6BB-293423544A4C}.Release|Any CPU.ActiveCfg = Release|iPhone
		{7A4EF547-EA0F-479C-A6BB-293423544A4C}.Release|ARM.ActiveCfg = Release|iPhone
		{7A4EF547-EA0F-479C-A6BB-293423544A4C}.Release|iPhone.ActiveCfg = Release|iPhone
		{7A4EF547-EA0F-479C-A6BB-293423544A4C}.Release|iPhone.Build.0 = Release|iPhone
		{7A4EF547-EA0F-479C-A6BB-293423544A4C}.Release|iPhoneSimulator.ActiveCfg = Release|iPhoneSimulator
		{7A4EF547-EA0F-479C-A6BB-293423544A4C}.Release|iPhoneSimulator.Build.0 = Release|iPhoneSimulator
		{7A4EF547-EA0F-479C-A6BB-293423544A4C}.Release|x64.ActiveCfg = Release|iPhone
		{7A4EF547-EA0F-479C-A6BB-293423544A4C}.Release|x86.ActiveCfg = Release|iPhone
		{7A4EF547-EA0F-479C-A6BB-293423544A4C}.Release-Signed|Any CPU.ActiveCfg = AppStore|iPhone
		{7A4EF547-EA0F-479C-A6BB-293423544A4C}.Release-Signed|Any CPU.Build.0 = AppStore|iPhone
		{7A4EF547-EA0F-479C-A6BB-293423544A4C}.Release-Signed|ARM.ActiveCfg = AppStore|iPhone
		{7A4EF547-EA0F-479C-A6BB-293423544A4C}.Release-Signed|ARM.Build.0 = AppStore|iPhone
		{7A4EF547-EA0F-479C-A6BB-293423544A4C}.Release-Signed|iPhone.ActiveCfg = Release|iPhone
		{7A4EF547-EA0F-479C-A6BB-293423544A4C}.Release-Signed|iPhone.Build.0 = Release|iPhone
		{7A4EF547-EA0F-479C-A6BB-293423544A4C}.Release-Signed|iPhoneSimulator.ActiveCfg = Release|iPhoneSimulator
		{7A4EF547-EA0F-479C-A6BB-293423544A4C}.Release-Signed|iPhoneSimulator.Build.0 = Release|iPhoneSimulator
		{7A4EF547-EA0F-479C-A6BB-293423544A4C}.Release-Signed|x64.ActiveCfg = AppStore|iPhone
		{7A4EF547-EA0F-479C-A6BB-293423544A4C}.Release-Signed|x64.Build.0 = AppStore|iPhone
		{7A4EF547-EA0F-479C-A6BB-293423544A4C}.Release-Signed|x86.ActiveCfg = AppStore|iPhone
		{7A4EF547-EA0F-479C-A6BB-293423544A4C}.Release-Signed|x86.Build.0 = AppStore|iPhone
		{35DB11D8-1406-4E85-9834-721DFF55484E}.Ad-Hoc|Any CPU.ActiveCfg = Release|Any CPU
		{35DB11D8-1406-4E85-9834-721DFF55484E}.Ad-Hoc|Any CPU.Build.0 = Release|Any CPU
		{35DB11D8-1406-4E85-9834-721DFF55484E}.Ad-Hoc|Any CPU.Deploy.0 = Release|Any CPU
		{35DB11D8-1406-4E85-9834-721DFF55484E}.Ad-Hoc|ARM.ActiveCfg = Release|ARM
		{35DB11D8-1406-4E85-9834-721DFF55484E}.Ad-Hoc|ARM.Build.0 = Release|ARM
		{35DB11D8-1406-4E85-9834-721DFF55484E}.Ad-Hoc|ARM.Deploy.0 = Release|ARM
		{35DB11D8-1406-4E85-9834-721DFF55484E}.Ad-Hoc|iPhone.ActiveCfg = Release|Any CPU
		{35DB11D8-1406-4E85-9834-721DFF55484E}.Ad-Hoc|iPhone.Build.0 = Release|Any CPU
		{35DB11D8-1406-4E85-9834-721DFF55484E}.Ad-Hoc|iPhone.Deploy.0 = Release|Any CPU
		{35DB11D8-1406-4E85-9834-721DFF55484E}.Ad-Hoc|iPhoneSimulator.ActiveCfg = Release|Any CPU
		{35DB11D8-1406-4E85-9834-721DFF55484E}.Ad-Hoc|iPhoneSimulator.Build.0 = Release|Any CPU
		{35DB11D8-1406-4E85-9834-721DFF55484E}.Ad-Hoc|iPhoneSimulator.Deploy.0 = Release|Any CPU
		{35DB11D8-1406-4E85-9834-721DFF55484E}.Ad-Hoc|x64.ActiveCfg = Release|Any CPU
		{35DB11D8-1406-4E85-9834-721DFF55484E}.Ad-Hoc|x64.Build.0 = Release|Any CPU
		{35DB11D8-1406-4E85-9834-721DFF55484E}.Ad-Hoc|x64.Deploy.0 = Release|Any CPU
		{35DB11D8-1406-4E85-9834-721DFF55484E}.Ad-Hoc|x86.ActiveCfg = Release|x86
		{35DB11D8-1406-4E85-9834-721DFF55484E}.Ad-Hoc|x86.Build.0 = Release|x86
		{35DB11D8-1406-4E85-9834-721DFF55484E}.Ad-Hoc|x86.Deploy.0 = Release|x86
		{35DB11D8-1406-4E85-9834-721DFF55484E}.AppStore|Any CPU.ActiveCfg = Release|Any CPU
		{35DB11D8-1406-4E85-9834-721DFF55484E}.AppStore|Any CPU.Build.0 = Release|Any CPU
		{35DB11D8-1406-4E85-9834-721DFF55484E}.AppStore|Any CPU.Deploy.0 = Release|Any CPU
		{35DB11D8-1406-4E85-9834-721DFF55484E}.AppStore|ARM.ActiveCfg = Release|ARM
		{35DB11D8-1406-4E85-9834-721DFF55484E}.AppStore|ARM.Build.0 = Release|ARM
		{35DB11D8-1406-4E85-9834-721DFF55484E}.AppStore|ARM.Deploy.0 = Release|ARM
		{35DB11D8-1406-4E85-9834-721DFF55484E}.AppStore|iPhone.ActiveCfg = Release|Any CPU
		{35DB11D8-1406-4E85-9834-721DFF55484E}.AppStore|iPhone.Build.0 = Release|Any CPU
		{35DB11D8-1406-4E85-9834-721DFF55484E}.AppStore|iPhone.Deploy.0 = Release|Any CPU
		{35DB11D8-1406-4E85-9834-721DFF55484E}.AppStore|iPhoneSimulator.ActiveCfg = Release|Any CPU
		{35DB11D8-1406-4E85-9834-721DFF55484E}.AppStore|iPhoneSimulator.Build.0 = Release|Any CPU
		{35DB11D8-1406-4E85-9834-721DFF55484E}.AppStore|iPhoneSimulator.Deploy.0 = Release|Any CPU
		{35DB11D8-1406-4E85-9834-721DFF55484E}.AppStore|x64.ActiveCfg = Release|Any CPU
		{35DB11D8-1406-4E85-9834-721DFF55484E}.AppStore|x64.Build.0 = Release|Any CPU
		{35DB11D8-1406-4E85-9834-721DFF55484E}.AppStore|x64.Deploy.0 = Release|Any CPU
		{35DB11D8-1406-4E85-9834-721DFF55484E}.AppStore|x86.ActiveCfg = Release|x86
		{35DB11D8-1406-4E85-9834-721DFF55484E}.AppStore|x86.Build.0 = Release|x86
		{35DB11D8-1406-4E85-9834-721DFF55484E}.AppStore|x86.Deploy.0 = Release|x86
		{35DB11D8-1406-4E85-9834-721DFF55484E}.Debug|Any CPU.ActiveCfg = Debug|Any CPU
		{35DB11D8-1406-4E85-9834-721DFF55484E}.Debug|Any CPU.Build.0 = Debug|Any CPU
		{35DB11D8-1406-4E85-9834-721DFF55484E}.Debug|Any CPU.Deploy.0 = Debug|Any CPU
		{35DB11D8-1406-4E85-9834-721DFF55484E}.Debug|ARM.ActiveCfg = Debug|ARM
		{35DB11D8-1406-4E85-9834-721DFF55484E}.Debug|ARM.Build.0 = Debug|ARM
		{35DB11D8-1406-4E85-9834-721DFF55484E}.Debug|ARM.Deploy.0 = Debug|ARM
		{35DB11D8-1406-4E85-9834-721DFF55484E}.Debug|iPhone.ActiveCfg = Debug|Any CPU
		{35DB11D8-1406-4E85-9834-721DFF55484E}.Debug|iPhone.Build.0 = Debug|Any CPU
		{35DB11D8-1406-4E85-9834-721DFF55484E}.Debug|iPhone.Deploy.0 = Debug|Any CPU
		{35DB11D8-1406-4E85-9834-721DFF55484E}.Debug|iPhoneSimulator.ActiveCfg = Debug|Any CPU
		{35DB11D8-1406-4E85-9834-721DFF55484E}.Debug|iPhoneSimulator.Build.0 = Debug|Any CPU
		{35DB11D8-1406-4E85-9834-721DFF55484E}.Debug|iPhoneSimulator.Deploy.0 = Debug|Any CPU
		{35DB11D8-1406-4E85-9834-721DFF55484E}.Debug|x64.ActiveCfg = Debug|Any CPU
		{35DB11D8-1406-4E85-9834-721DFF55484E}.Debug|x64.Build.0 = Debug|Any CPU
		{35DB11D8-1406-4E85-9834-721DFF55484E}.Debug|x64.Deploy.0 = Debug|Any CPU
		{35DB11D8-1406-4E85-9834-721DFF55484E}.Debug|x86.ActiveCfg = Debug|x86
		{35DB11D8-1406-4E85-9834-721DFF55484E}.Debug|x86.Build.0 = Debug|x86
		{35DB11D8-1406-4E85-9834-721DFF55484E}.Debug|x86.Deploy.0 = Debug|x86
		{35DB11D8-1406-4E85-9834-721DFF55484E}.Release|Any CPU.ActiveCfg = Release|Any CPU
		{35DB11D8-1406-4E85-9834-721DFF55484E}.Release|Any CPU.Build.0 = Release|Any CPU
		{35DB11D8-1406-4E85-9834-721DFF55484E}.Release|Any CPU.Deploy.0 = Release|Any CPU
		{35DB11D8-1406-4E85-9834-721DFF55484E}.Release|ARM.ActiveCfg = Release|ARM
		{35DB11D8-1406-4E85-9834-721DFF55484E}.Release|ARM.Build.0 = Release|ARM
		{35DB11D8-1406-4E85-9834-721DFF55484E}.Release|ARM.Deploy.0 = Release|ARM
		{35DB11D8-1406-4E85-9834-721DFF55484E}.Release|iPhone.ActiveCfg = Release|Any CPU
		{35DB11D8-1406-4E85-9834-721DFF55484E}.Release|iPhone.Build.0 = Release|Any CPU
		{35DB11D8-1406-4E85-9834-721DFF55484E}.Release|iPhone.Deploy.0 = Release|Any CPU
		{35DB11D8-1406-4E85-9834-721DFF55484E}.Release|iPhoneSimulator.ActiveCfg = Release|Any CPU
		{35DB11D8-1406-4E85-9834-721DFF55484E}.Release|iPhoneSimulator.Build.0 = Release|Any CPU
		{35DB11D8-1406-4E85-9834-721DFF55484E}.Release|iPhoneSimulator.Deploy.0 = Release|Any CPU
		{35DB11D8-1406-4E85-9834-721DFF55484E}.Release|x64.ActiveCfg = Release|Any CPU
		{35DB11D8-1406-4E85-9834-721DFF55484E}.Release|x64.Build.0 = Release|Any CPU
		{35DB11D8-1406-4E85-9834-721DFF55484E}.Release|x64.Deploy.0 = Release|Any CPU
		{35DB11D8-1406-4E85-9834-721DFF55484E}.Release|x86.ActiveCfg = Release|x86
		{35DB11D8-1406-4E85-9834-721DFF55484E}.Release|x86.Build.0 = Release|x86
		{35DB11D8-1406-4E85-9834-721DFF55484E}.Release|x86.Deploy.0 = Release|x86
		{35DB11D8-1406-4E85-9834-721DFF55484E}.Release-Signed|Any CPU.ActiveCfg = Release|Any CPU
		{35DB11D8-1406-4E85-9834-721DFF55484E}.Release-Signed|Any CPU.Build.0 = Release|Any CPU
		{35DB11D8-1406-4E85-9834-721DFF55484E}.Release-Signed|Any CPU.Deploy.0 = Release|Any CPU
		{35DB11D8-1406-4E85-9834-721DFF55484E}.Release-Signed|ARM.ActiveCfg = Release|ARM
		{35DB11D8-1406-4E85-9834-721DFF55484E}.Release-Signed|ARM.Build.0 = Release|ARM
		{35DB11D8-1406-4E85-9834-721DFF55484E}.Release-Signed|ARM.Deploy.0 = Release|ARM
		{35DB11D8-1406-4E85-9834-721DFF55484E}.Release-Signed|iPhone.ActiveCfg = Release|Any CPU
		{35DB11D8-1406-4E85-9834-721DFF55484E}.Release-Signed|iPhone.Build.0 = Release|Any CPU
		{35DB11D8-1406-4E85-9834-721DFF55484E}.Release-Signed|iPhone.Deploy.0 = Release|Any CPU
		{35DB11D8-1406-4E85-9834-721DFF55484E}.Release-Signed|iPhoneSimulator.ActiveCfg = Release|Any CPU
		{35DB11D8-1406-4E85-9834-721DFF55484E}.Release-Signed|iPhoneSimulator.Build.0 = Release|Any CPU
		{35DB11D8-1406-4E85-9834-721DFF55484E}.Release-Signed|iPhoneSimulator.Deploy.0 = Release|Any CPU
		{35DB11D8-1406-4E85-9834-721DFF55484E}.Release-Signed|x64.ActiveCfg = Release|Any CPU
		{35DB11D8-1406-4E85-9834-721DFF55484E}.Release-Signed|x64.Build.0 = Release|Any CPU
		{35DB11D8-1406-4E85-9834-721DFF55484E}.Release-Signed|x64.Deploy.0 = Release|Any CPU
		{35DB11D8-1406-4E85-9834-721DFF55484E}.Release-Signed|x86.ActiveCfg = Release|x86
		{35DB11D8-1406-4E85-9834-721DFF55484E}.Release-Signed|x86.Build.0 = Release|x86
		{35DB11D8-1406-4E85-9834-721DFF55484E}.Release-Signed|x86.Deploy.0 = Release|x86
		{8A1BF9E0-B93E-4AAE-96DE-AEC4AED5C4F3}.Ad-Hoc|Any CPU.ActiveCfg = Release|Any CPU
		{8A1BF9E0-B93E-4AAE-96DE-AEC4AED5C4F3}.Ad-Hoc|Any CPU.Build.0 = Release|Any CPU
		{8A1BF9E0-B93E-4AAE-96DE-AEC4AED5C4F3}.Ad-Hoc|Any CPU.Deploy.0 = Release|Any CPU
		{8A1BF9E0-B93E-4AAE-96DE-AEC4AED5C4F3}.Ad-Hoc|ARM.ActiveCfg = Release|ARM
		{8A1BF9E0-B93E-4AAE-96DE-AEC4AED5C4F3}.Ad-Hoc|ARM.Build.0 = Release|ARM
		{8A1BF9E0-B93E-4AAE-96DE-AEC4AED5C4F3}.Ad-Hoc|ARM.Deploy.0 = Release|ARM
		{8A1BF9E0-B93E-4AAE-96DE-AEC4AED5C4F3}.Ad-Hoc|iPhone.ActiveCfg = Release|Any CPU
		{8A1BF9E0-B93E-4AAE-96DE-AEC4AED5C4F3}.Ad-Hoc|iPhone.Build.0 = Release|Any CPU
		{8A1BF9E0-B93E-4AAE-96DE-AEC4AED5C4F3}.Ad-Hoc|iPhone.Deploy.0 = Release|Any CPU
		{8A1BF9E0-B93E-4AAE-96DE-AEC4AED5C4F3}.Ad-Hoc|iPhoneSimulator.ActiveCfg = Release|Any CPU
		{8A1BF9E0-B93E-4AAE-96DE-AEC4AED5C4F3}.Ad-Hoc|iPhoneSimulator.Build.0 = Release|Any CPU
		{8A1BF9E0-B93E-4AAE-96DE-AEC4AED5C4F3}.Ad-Hoc|iPhoneSimulator.Deploy.0 = Release|Any CPU
		{8A1BF9E0-B93E-4AAE-96DE-AEC4AED5C4F3}.Ad-Hoc|x64.ActiveCfg = Release|x64
		{8A1BF9E0-B93E-4AAE-96DE-AEC4AED5C4F3}.Ad-Hoc|x64.Build.0 = Release|x64
		{8A1BF9E0-B93E-4AAE-96DE-AEC4AED5C4F3}.Ad-Hoc|x64.Deploy.0 = Release|x64
		{8A1BF9E0-B93E-4AAE-96DE-AEC4AED5C4F3}.Ad-Hoc|x86.ActiveCfg = Release|x86
		{8A1BF9E0-B93E-4AAE-96DE-AEC4AED5C4F3}.Ad-Hoc|x86.Build.0 = Release|x86
		{8A1BF9E0-B93E-4AAE-96DE-AEC4AED5C4F3}.Ad-Hoc|x86.Deploy.0 = Release|x86
		{8A1BF9E0-B93E-4AAE-96DE-AEC4AED5C4F3}.AppStore|Any CPU.ActiveCfg = Release|Any CPU
		{8A1BF9E0-B93E-4AAE-96DE-AEC4AED5C4F3}.AppStore|Any CPU.Build.0 = Release|Any CPU
		{8A1BF9E0-B93E-4AAE-96DE-AEC4AED5C4F3}.AppStore|Any CPU.Deploy.0 = Release|Any CPU
		{8A1BF9E0-B93E-4AAE-96DE-AEC4AED5C4F3}.AppStore|ARM.ActiveCfg = Release|ARM
		{8A1BF9E0-B93E-4AAE-96DE-AEC4AED5C4F3}.AppStore|ARM.Build.0 = Release|ARM
		{8A1BF9E0-B93E-4AAE-96DE-AEC4AED5C4F3}.AppStore|ARM.Deploy.0 = Release|ARM
		{8A1BF9E0-B93E-4AAE-96DE-AEC4AED5C4F3}.AppStore|iPhone.ActiveCfg = Release|Any CPU
		{8A1BF9E0-B93E-4AAE-96DE-AEC4AED5C4F3}.AppStore|iPhone.Build.0 = Release|Any CPU
		{8A1BF9E0-B93E-4AAE-96DE-AEC4AED5C4F3}.AppStore|iPhone.Deploy.0 = Release|Any CPU
		{8A1BF9E0-B93E-4AAE-96DE-AEC4AED5C4F3}.AppStore|iPhoneSimulator.ActiveCfg = Release|Any CPU
		{8A1BF9E0-B93E-4AAE-96DE-AEC4AED5C4F3}.AppStore|iPhoneSimulator.Build.0 = Release|Any CPU
		{8A1BF9E0-B93E-4AAE-96DE-AEC4AED5C4F3}.AppStore|iPhoneSimulator.Deploy.0 = Release|Any CPU
		{8A1BF9E0-B93E-4AAE-96DE-AEC4AED5C4F3}.AppStore|x64.ActiveCfg = Release|x64
		{8A1BF9E0-B93E-4AAE-96DE-AEC4AED5C4F3}.AppStore|x64.Build.0 = Release|x64
		{8A1BF9E0-B93E-4AAE-96DE-AEC4AED5C4F3}.AppStore|x64.Deploy.0 = Release|x64
		{8A1BF9E0-B93E-4AAE-96DE-AEC4AED5C4F3}.AppStore|x86.ActiveCfg = Release|x86
		{8A1BF9E0-B93E-4AAE-96DE-AEC4AED5C4F3}.AppStore|x86.Build.0 = Release|x86
		{8A1BF9E0-B93E-4AAE-96DE-AEC4AED5C4F3}.AppStore|x86.Deploy.0 = Release|x86
		{8A1BF9E0-B93E-4AAE-96DE-AEC4AED5C4F3}.Debug|Any CPU.ActiveCfg = Debug|Any CPU
		{8A1BF9E0-B93E-4AAE-96DE-AEC4AED5C4F3}.Debug|Any CPU.Build.0 = Debug|Any CPU
		{8A1BF9E0-B93E-4AAE-96DE-AEC4AED5C4F3}.Debug|Any CPU.Deploy.0 = Debug|Any CPU
		{8A1BF9E0-B93E-4AAE-96DE-AEC4AED5C4F3}.Debug|ARM.ActiveCfg = Debug|ARM
		{8A1BF9E0-B93E-4AAE-96DE-AEC4AED5C4F3}.Debug|ARM.Build.0 = Debug|ARM
		{8A1BF9E0-B93E-4AAE-96DE-AEC4AED5C4F3}.Debug|ARM.Deploy.0 = Debug|ARM
		{8A1BF9E0-B93E-4AAE-96DE-AEC4AED5C4F3}.Debug|iPhone.ActiveCfg = Debug|Any CPU
		{8A1BF9E0-B93E-4AAE-96DE-AEC4AED5C4F3}.Debug|iPhone.Build.0 = Debug|Any CPU
		{8A1BF9E0-B93E-4AAE-96DE-AEC4AED5C4F3}.Debug|iPhone.Deploy.0 = Debug|Any CPU
		{8A1BF9E0-B93E-4AAE-96DE-AEC4AED5C4F3}.Debug|iPhoneSimulator.ActiveCfg = Debug|Any CPU
		{8A1BF9E0-B93E-4AAE-96DE-AEC4AED5C4F3}.Debug|iPhoneSimulator.Build.0 = Debug|Any CPU
		{8A1BF9E0-B93E-4AAE-96DE-AEC4AED5C4F3}.Debug|iPhoneSimulator.Deploy.0 = Debug|Any CPU
		{8A1BF9E0-B93E-4AAE-96DE-AEC4AED5C4F3}.Debug|x64.ActiveCfg = Debug|x64
		{8A1BF9E0-B93E-4AAE-96DE-AEC4AED5C4F3}.Debug|x64.Build.0 = Debug|x64
		{8A1BF9E0-B93E-4AAE-96DE-AEC4AED5C4F3}.Debug|x64.Deploy.0 = Debug|x64
		{8A1BF9E0-B93E-4AAE-96DE-AEC4AED5C4F3}.Debug|x86.ActiveCfg = Debug|x86
		{8A1BF9E0-B93E-4AAE-96DE-AEC4AED5C4F3}.Debug|x86.Build.0 = Debug|x86
		{8A1BF9E0-B93E-4AAE-96DE-AEC4AED5C4F3}.Debug|x86.Deploy.0 = Debug|x86
		{8A1BF9E0-B93E-4AAE-96DE-AEC4AED5C4F3}.Release|Any CPU.ActiveCfg = Release|Any CPU
		{8A1BF9E0-B93E-4AAE-96DE-AEC4AED5C4F3}.Release|Any CPU.Build.0 = Release|Any CPU
		{8A1BF9E0-B93E-4AAE-96DE-AEC4AED5C4F3}.Release|Any CPU.Deploy.0 = Release|Any CPU
		{8A1BF9E0-B93E-4AAE-96DE-AEC4AED5C4F3}.Release|ARM.ActiveCfg = Release|ARM
		{8A1BF9E0-B93E-4AAE-96DE-AEC4AED5C4F3}.Release|ARM.Build.0 = Release|ARM
		{8A1BF9E0-B93E-4AAE-96DE-AEC4AED5C4F3}.Release|ARM.Deploy.0 = Release|ARM
		{8A1BF9E0-B93E-4AAE-96DE-AEC4AED5C4F3}.Release|iPhone.ActiveCfg = Release|Any CPU
		{8A1BF9E0-B93E-4AAE-96DE-AEC4AED5C4F3}.Release|iPhone.Build.0 = Release|Any CPU
		{8A1BF9E0-B93E-4AAE-96DE-AEC4AED5C4F3}.Release|iPhone.Deploy.0 = Release|Any CPU
		{8A1BF9E0-B93E-4AAE-96DE-AEC4AED5C4F3}.Release|iPhoneSimulator.ActiveCfg = Release|Any CPU
		{8A1BF9E0-B93E-4AAE-96DE-AEC4AED5C4F3}.Release|iPhoneSimulator.Build.0 = Release|Any CPU
		{8A1BF9E0-B93E-4AAE-96DE-AEC4AED5C4F3}.Release|iPhoneSimulator.Deploy.0 = Release|Any CPU
		{8A1BF9E0-B93E-4AAE-96DE-AEC4AED5C4F3}.Release|x64.ActiveCfg = Release|x64
		{8A1BF9E0-B93E-4AAE-96DE-AEC4AED5C4F3}.Release|x64.Build.0 = Release|x64
		{8A1BF9E0-B93E-4AAE-96DE-AEC4AED5C4F3}.Release|x64.Deploy.0 = Release|x64
		{8A1BF9E0-B93E-4AAE-96DE-AEC4AED5C4F3}.Release|x86.ActiveCfg = Release|x86
		{8A1BF9E0-B93E-4AAE-96DE-AEC4AED5C4F3}.Release|x86.Build.0 = Release|x86
		{8A1BF9E0-B93E-4AAE-96DE-AEC4AED5C4F3}.Release|x86.Deploy.0 = Release|x86
		{8A1BF9E0-B93E-4AAE-96DE-AEC4AED5C4F3}.Release-Signed|Any CPU.ActiveCfg = Release|Any CPU
		{8A1BF9E0-B93E-4AAE-96DE-AEC4AED5C4F3}.Release-Signed|Any CPU.Build.0 = Release|Any CPU
		{8A1BF9E0-B93E-4AAE-96DE-AEC4AED5C4F3}.Release-Signed|Any CPU.Deploy.0 = Release|Any CPU
		{8A1BF9E0-B93E-4AAE-96DE-AEC4AED5C4F3}.Release-Signed|ARM.ActiveCfg = Release|ARM
		{8A1BF9E0-B93E-4AAE-96DE-AEC4AED5C4F3}.Release-Signed|ARM.Build.0 = Release|ARM
		{8A1BF9E0-B93E-4AAE-96DE-AEC4AED5C4F3}.Release-Signed|ARM.Deploy.0 = Release|ARM
		{8A1BF9E0-B93E-4AAE-96DE-AEC4AED5C4F3}.Release-Signed|iPhone.ActiveCfg = Release|Any CPU
		{8A1BF9E0-B93E-4AAE-96DE-AEC4AED5C4F3}.Release-Signed|iPhone.Build.0 = Release|Any CPU
		{8A1BF9E0-B93E-4AAE-96DE-AEC4AED5C4F3}.Release-Signed|iPhone.Deploy.0 = Release|Any CPU
		{8A1BF9E0-B93E-4AAE-96DE-AEC4AED5C4F3}.Release-Signed|iPhoneSimulator.ActiveCfg = Release|Any CPU
		{8A1BF9E0-B93E-4AAE-96DE-AEC4AED5C4F3}.Release-Signed|iPhoneSimulator.Build.0 = Release|Any CPU
		{8A1BF9E0-B93E-4AAE-96DE-AEC4AED5C4F3}.Release-Signed|iPhoneSimulator.Deploy.0 = Release|Any CPU
		{8A1BF9E0-B93E-4AAE-96DE-AEC4AED5C4F3}.Release-Signed|x64.ActiveCfg = Release|x64
		{8A1BF9E0-B93E-4AAE-96DE-AEC4AED5C4F3}.Release-Signed|x64.Build.0 = Release|x64
		{8A1BF9E0-B93E-4AAE-96DE-AEC4AED5C4F3}.Release-Signed|x64.Deploy.0 = Release|x64
		{8A1BF9E0-B93E-4AAE-96DE-AEC4AED5C4F3}.Release-Signed|x86.ActiveCfg = Release|x86
		{8A1BF9E0-B93E-4AAE-96DE-AEC4AED5C4F3}.Release-Signed|x86.Build.0 = Release|x86
		{8A1BF9E0-B93E-4AAE-96DE-AEC4AED5C4F3}.Release-Signed|x86.Deploy.0 = Release|x86
		{A3546D1A-CE87-49BB-800A-98018C1FCA00}.Ad-Hoc|Any CPU.ActiveCfg = Release-Signed|Any CPU
		{A3546D1A-CE87-49BB-800A-98018C1FCA00}.Ad-Hoc|Any CPU.Build.0 = Release-Signed|Any CPU
		{A3546D1A-CE87-49BB-800A-98018C1FCA00}.Ad-Hoc|ARM.ActiveCfg = Release-Signed|Any CPU
		{A3546D1A-CE87-49BB-800A-98018C1FCA00}.Ad-Hoc|ARM.Build.0 = Release-Signed|Any CPU
		{A3546D1A-CE87-49BB-800A-98018C1FCA00}.Ad-Hoc|iPhone.ActiveCfg = Release-Signed|Any CPU
		{A3546D1A-CE87-49BB-800A-98018C1FCA00}.Ad-Hoc|iPhone.Build.0 = Release-Signed|Any CPU
		{A3546D1A-CE87-49BB-800A-98018C1FCA00}.Ad-Hoc|iPhoneSimulator.ActiveCfg = Release-Signed|Any CPU
		{A3546D1A-CE87-49BB-800A-98018C1FCA00}.Ad-Hoc|iPhoneSimulator.Build.0 = Release-Signed|Any CPU
		{A3546D1A-CE87-49BB-800A-98018C1FCA00}.Ad-Hoc|x64.ActiveCfg = Release-Signed|Any CPU
		{A3546D1A-CE87-49BB-800A-98018C1FCA00}.Ad-Hoc|x64.Build.0 = Release-Signed|Any CPU
		{A3546D1A-CE87-49BB-800A-98018C1FCA00}.Ad-Hoc|x86.ActiveCfg = Release-Signed|Any CPU
		{A3546D1A-CE87-49BB-800A-98018C1FCA00}.Ad-Hoc|x86.Build.0 = Release-Signed|Any CPU
		{A3546D1A-CE87-49BB-800A-98018C1FCA00}.AppStore|Any CPU.ActiveCfg = Release-Signed|Any CPU
		{A3546D1A-CE87-49BB-800A-98018C1FCA00}.AppStore|Any CPU.Build.0 = Release-Signed|Any CPU
		{A3546D1A-CE87-49BB-800A-98018C1FCA00}.AppStore|ARM.ActiveCfg = Release-Signed|Any CPU
		{A3546D1A-CE87-49BB-800A-98018C1FCA00}.AppStore|ARM.Build.0 = Release-Signed|Any CPU
		{A3546D1A-CE87-49BB-800A-98018C1FCA00}.AppStore|iPhone.ActiveCfg = Release-Signed|Any CPU
		{A3546D1A-CE87-49BB-800A-98018C1FCA00}.AppStore|iPhone.Build.0 = Release-Signed|Any CPU
		{A3546D1A-CE87-49BB-800A-98018C1FCA00}.AppStore|iPhoneSimulator.ActiveCfg = Release-Signed|Any CPU
		{A3546D1A-CE87-49BB-800A-98018C1FCA00}.AppStore|iPhoneSimulator.Build.0 = Release-Signed|Any CPU
		{A3546D1A-CE87-49BB-800A-98018C1FCA00}.AppStore|x64.ActiveCfg = Release-Signed|Any CPU
		{A3546D1A-CE87-49BB-800A-98018C1FCA00}.AppStore|x64.Build.0 = Release-Signed|Any CPU
		{A3546D1A-CE87-49BB-800A-98018C1FCA00}.AppStore|x86.ActiveCfg = Release-Signed|Any CPU
		{A3546D1A-CE87-49BB-800A-98018C1FCA00}.AppStore|x86.Build.0 = Release-Signed|Any CPU
		{A3546D1A-CE87-49BB-800A-98018C1FCA00}.Debug|Any CPU.ActiveCfg = Debug|Any CPU
		{A3546D1A-CE87-49BB-800A-98018C1FCA00}.Debug|Any CPU.Build.0 = Debug|Any CPU
		{A3546D1A-CE87-49BB-800A-98018C1FCA00}.Debug|ARM.ActiveCfg = Debug|Any CPU
		{A3546D1A-CE87-49BB-800A-98018C1FCA00}.Debug|ARM.Build.0 = Debug|Any CPU
		{A3546D1A-CE87-49BB-800A-98018C1FCA00}.Debug|iPhone.ActiveCfg = Debug|Any CPU
		{A3546D1A-CE87-49BB-800A-98018C1FCA00}.Debug|iPhone.Build.0 = Debug|Any CPU
		{A3546D1A-CE87-49BB-800A-98018C1FCA00}.Debug|iPhoneSimulator.ActiveCfg = Debug|Any CPU
		{A3546D1A-CE87-49BB-800A-98018C1FCA00}.Debug|iPhoneSimulator.Build.0 = Debug|Any CPU
		{A3546D1A-CE87-49BB-800A-98018C1FCA00}.Debug|x64.ActiveCfg = Debug|Any CPU
		{A3546D1A-CE87-49BB-800A-98018C1FCA00}.Debug|x64.Build.0 = Debug|Any CPU
		{A3546D1A-CE87-49BB-800A-98018C1FCA00}.Debug|x86.ActiveCfg = Debug|Any CPU
		{A3546D1A-CE87-49BB-800A-98018C1FCA00}.Debug|x86.Build.0 = Debug|Any CPU
		{A3546D1A-CE87-49BB-800A-98018C1FCA00}.Release|Any CPU.ActiveCfg = Release|Any CPU
		{A3546D1A-CE87-49BB-800A-98018C1FCA00}.Release|Any CPU.Build.0 = Release|Any CPU
		{A3546D1A-CE87-49BB-800A-98018C1FCA00}.Release|ARM.ActiveCfg = Release|Any CPU
		{A3546D1A-CE87-49BB-800A-98018C1FCA00}.Release|ARM.Build.0 = Release|Any CPU
		{A3546D1A-CE87-49BB-800A-98018C1FCA00}.Release|iPhone.ActiveCfg = Release|Any CPU
		{A3546D1A-CE87-49BB-800A-98018C1FCA00}.Release|iPhone.Build.0 = Release|Any CPU
		{A3546D1A-CE87-49BB-800A-98018C1FCA00}.Release|iPhoneSimulator.ActiveCfg = Release|Any CPU
		{A3546D1A-CE87-49BB-800A-98018C1FCA00}.Release|iPhoneSimulator.Build.0 = Release|Any CPU
		{A3546D1A-CE87-49BB-800A-98018C1FCA00}.Release|x64.ActiveCfg = Release|Any CPU
		{A3546D1A-CE87-49BB-800A-98018C1FCA00}.Release|x64.Build.0 = Release|Any CPU
		{A3546D1A-CE87-49BB-800A-98018C1FCA00}.Release|x86.ActiveCfg = Release|Any CPU
		{A3546D1A-CE87-49BB-800A-98018C1FCA00}.Release|x86.Build.0 = Release|Any CPU
		{A3546D1A-CE87-49BB-800A-98018C1FCA00}.Release-Signed|Any CPU.ActiveCfg = Release-Signed|Any CPU
		{A3546D1A-CE87-49BB-800A-98018C1FCA00}.Release-Signed|Any CPU.Build.0 = Release-Signed|Any CPU
		{A3546D1A-CE87-49BB-800A-98018C1FCA00}.Release-Signed|ARM.ActiveCfg = Release-Signed|Any CPU
		{A3546D1A-CE87-49BB-800A-98018C1FCA00}.Release-Signed|ARM.Build.0 = Release-Signed|Any CPU
		{A3546D1A-CE87-49BB-800A-98018C1FCA00}.Release-Signed|iPhone.ActiveCfg = Release-Signed|Any CPU
		{A3546D1A-CE87-49BB-800A-98018C1FCA00}.Release-Signed|iPhone.Build.0 = Release-Signed|Any CPU
		{A3546D1A-CE87-49BB-800A-98018C1FCA00}.Release-Signed|iPhoneSimulator.ActiveCfg = Release-Signed|Any CPU
		{A3546D1A-CE87-49BB-800A-98018C1FCA00}.Release-Signed|iPhoneSimulator.Build.0 = Release-Signed|Any CPU
		{A3546D1A-CE87-49BB-800A-98018C1FCA00}.Release-Signed|x64.ActiveCfg = Release-Signed|Any CPU
		{A3546D1A-CE87-49BB-800A-98018C1FCA00}.Release-Signed|x64.Build.0 = Release-Signed|Any CPU
		{A3546D1A-CE87-49BB-800A-98018C1FCA00}.Release-Signed|x86.ActiveCfg = Release-Signed|Any CPU
		{A3546D1A-CE87-49BB-800A-98018C1FCA00}.Release-Signed|x86.Build.0 = Release-Signed|Any CPU
	EndGlobalSection
	GlobalSection(SolutionProperties) = preSolution
		HideSolutionNode = FALSE
	EndGlobalSection
	GlobalSection(NestedProjects) = preSolution
		{5B673FCB-DFBF-4675-8BDA-E2CA7286B553} = {92731B89-857B-4670-BF1C-BDD36648C286}
		{5EF5C8D4-8A54-405B-9CF2-450969372DA0} = {92731B89-857B-4670-BF1C-BDD36648C286}
		{7A4EF547-EA0F-479C-A6BB-293423544A4C} = {92731B89-857B-4670-BF1C-BDD36648C286}
		{35DB11D8-1406-4E85-9834-721DFF55484E} = {92731B89-857B-4670-BF1C-BDD36648C286}
		{8A1BF9E0-B93E-4AAE-96DE-AEC4AED5C4F3} = {92731B89-857B-4670-BF1C-BDD36648C286}
		{A3546D1A-CE87-49BB-800A-98018C1FCA00} = {92731B89-857B-4670-BF1C-BDD36648C286}
	EndGlobalSection
EndGlobal
